// !$*UTF8*$!
{
	archiveVersion = 1;
	classes = {
	};
	objectVersion = 46;
	objects = {

/* Begin PBXBuildFile section */
		00C302E51ABCBA2D00DB3ED1 /* libRCTActionSheet.a in Frameworks */ = {isa = PBXBuildFile; fileRef = 00C302AC1ABCB8CE00DB3ED1 /* libRCTActionSheet.a */; };
		00C302E71ABCBA2D00DB3ED1 /* libRCTGeolocation.a in Frameworks */ = {isa = PBXBuildFile; fileRef = 00C302BA1ABCB90400DB3ED1 /* libRCTGeolocation.a */; };
		00C302E81ABCBA2D00DB3ED1 /* libRCTImage.a in Frameworks */ = {isa = PBXBuildFile; fileRef = 00C302C01ABCB91800DB3ED1 /* libRCTImage.a */; };
		00C302E91ABCBA2D00DB3ED1 /* libRCTNetwork.a in Frameworks */ = {isa = PBXBuildFile; fileRef = 00C302DC1ABCB9D200DB3ED1 /* libRCTNetwork.a */; };
		00C302EA1ABCBA2D00DB3ED1 /* libRCTVibration.a in Frameworks */ = {isa = PBXBuildFile; fileRef = 00C302E41ABCB9EE00DB3ED1 /* libRCTVibration.a */; };
		11D1A2F320CAFA9E000508D9 /* libRCTAnimation.a in Frameworks */ = {isa = PBXBuildFile; fileRef = 5E9157331DD0AC6500FF2AA8 /* libRCTAnimation.a */; };
		133E29F31AD74F7200F7D852 /* libRCTLinking.a in Frameworks */ = {isa = PBXBuildFile; fileRef = 78C398B91ACF4ADC00677621 /* libRCTLinking.a */; };
		139105C61AF99C1200B5F7CC /* libRCTSettings.a in Frameworks */ = {isa = PBXBuildFile; fileRef = 139105C11AF99BAD00B5F7CC /* libRCTSettings.a */; };
		139FDEF61B0652A700C62182 /* libRCTWebSocket.a in Frameworks */ = {isa = PBXBuildFile; fileRef = 139FDEF41B06529B00C62182 /* libRCTWebSocket.a */; };
		13B07FBC1A68108700A75B9A /* AppDelegate.m in Sources */ = {isa = PBXBuildFile; fileRef = 13B07FB01A68108700A75B9A /* AppDelegate.m */; };
		13B07FBD1A68108700A75B9A /* LaunchScreen.xib in Resources */ = {isa = PBXBuildFile; fileRef = 13B07FB11A68108700A75B9A /* LaunchScreen.xib */; };
		13B07FBF1A68108700A75B9A /* Images.xcassets in Resources */ = {isa = PBXBuildFile; fileRef = 13B07FB51A68108700A75B9A /* Images.xcassets */; };
		13B07FC11A68108700A75B9A /* main.m in Sources */ = {isa = PBXBuildFile; fileRef = 13B07FB71A68108700A75B9A /* main.m */; };
		146834051AC3E58100842450 /* libReact.a in Frameworks */ = {isa = PBXBuildFile; fileRef = 146834041AC3E56700842450 /* libReact.a */; };
		16DF9DF0567349B99CB18D2B /* libz.tbd in Frameworks */ = {isa = PBXBuildFile; fileRef = 5424CEBFC30D4DABB9808729 /* libz.tbd */; };
		31B05688E6B94E0491DF689C /* libRNSentry.a in Frameworks */ = {isa = PBXBuildFile; fileRef = 17D5081A9E144C26BA21D83A /* libRNSentry.a */; };
		4F8355BBACD74452BF972DE7 /* libReactNativeConfig.a in Frameworks */ = {isa = PBXBuildFile; fileRef = A22375545D454A2599361EEB /* libReactNativeConfig.a */; };
		6162BF639C454225B3292EA3 /* libRNSVG.a in Frameworks */ = {isa = PBXBuildFile; fileRef = 30628CDE7DC846A981EE0F0D /* libRNSVG.a */; };
		7F6FAEAC8FD64ACF9028F3B2 /* libBVLinearGradient.a in Frameworks */ = {isa = PBXBuildFile; fileRef = 8B303F65E6CA4EE7B72368C8 /* libBVLinearGradient.a */; };
		832341BD1AAA6AB300B99B32 /* libRCTText.a in Frameworks */ = {isa = PBXBuildFile; fileRef = 832341B51AAA6A8300B99B32 /* libRCTText.a */; };
		85BB55A0FE2D4A619258098E /* libHSAnimatedUI.a in Frameworks */ = {isa = PBXBuildFile; fileRef = BFEB39AE8F984633A0CF9F6D /* libHSAnimatedUI.a */; };
		A6417FFB7A4F4F8F8DA73305 /* libSplashScreen.a in Frameworks */ = {isa = PBXBuildFile; fileRef = 43A17965807A40CB9AD41F0C /* libSplashScreen.a */; };
		ADBDB9381DFEBF1600ED6528 /* libRCTBlob.a in Frameworks */ = {isa = PBXBuildFile; fileRef = ADBDB9271DFEBF0700ED6528 /* libRCTBlob.a */; };
		B1847AA7D7EB4825AA88FBEE /* libRNGestureHandler.a in Frameworks */ = {isa = PBXBuildFile; fileRef = 79FC96B9A5734E1BA3A263CD /* libRNGestureHandler.a */; };
		D2916D4F22BE4D1BA101BDCC /* libRNSafeArea.a in Frameworks */ = {isa = PBXBuildFile; fileRef = CD2877BF4B4940C9B684C389 /* libRNSafeArea.a */; };
		F7037509C6D04BBDA72E4433 /* libReactNativeHaptic.a in Frameworks */ = {isa = PBXBuildFile; fileRef = 1C4AA6EDF3AB491081D2973D /* libReactNativeHaptic.a */; };
		FC0525FD2320646E0045C2F3 /* GoogleUtilities.framework in Frameworks */ = {isa = PBXBuildFile; fileRef = FC0525F32320646E0045C2F3 /* GoogleUtilities.framework */; };
		FC0525FE2320646E0045C2F3 /* GoogleDataTransport.framework in Frameworks */ = {isa = PBXBuildFile; fileRef = FC0525F42320646E0045C2F3 /* GoogleDataTransport.framework */; };
		FC0525FF2320646E0045C2F3 /* FirebaseCoreDiagnostics.framework in Frameworks */ = {isa = PBXBuildFile; fileRef = FC0525F52320646E0045C2F3 /* FirebaseCoreDiagnostics.framework */; };
		FC0526002320646E0045C2F3 /* GoogleAppMeasurement.framework in Frameworks */ = {isa = PBXBuildFile; fileRef = FC0525F62320646E0045C2F3 /* GoogleAppMeasurement.framework */; };
		FC0526012320646E0045C2F3 /* FirebaseAnalytics.framework in Frameworks */ = {isa = PBXBuildFile; fileRef = FC0525F72320646E0045C2F3 /* FirebaseAnalytics.framework */; };
		FC0526022320646E0045C2F3 /* nanopb.framework in Frameworks */ = {isa = PBXBuildFile; fileRef = FC0525F82320646E0045C2F3 /* nanopb.framework */; };
		FC0526032320646E0045C2F3 /* FirebaseInstanceID.framework in Frameworks */ = {isa = PBXBuildFile; fileRef = FC0525F92320646E0045C2F3 /* FirebaseInstanceID.framework */; };
		FC0526042320646E0045C2F3 /* FirebaseCore.framework in Frameworks */ = {isa = PBXBuildFile; fileRef = FC0525FA2320646E0045C2F3 /* FirebaseCore.framework */; };
		FC0526052320646E0045C2F3 /* FIRAnalyticsConnector.framework in Frameworks */ = {isa = PBXBuildFile; fileRef = FC0525FB2320646E0045C2F3 /* FIRAnalyticsConnector.framework */; };
		FC0526062320646E0045C2F3 /* GoogleDataTransportCCTSupport.framework in Frameworks */ = {isa = PBXBuildFile; fileRef = FC0525FC2320646E0045C2F3 /* GoogleDataTransportCCTSupport.framework */; };
		FC052608232065320045C2F3 /* libsqlite3.tbd in Frameworks */ = {isa = PBXBuildFile; fileRef = FC052607232065320045C2F3 /* libsqlite3.tbd */; };
		FC05260A2320653A0045C2F3 /* libc++.tbd in Frameworks */ = {isa = PBXBuildFile; fileRef = FC0526092320653A0045C2F3 /* libc++.tbd */; };
		FC05260C232065550045C2F3 /* SystemConfiguration.framework in Frameworks */ = {isa = PBXBuildFile; fileRef = FC05260B232065550045C2F3 /* SystemConfiguration.framework */; };
		FC254DFF21CDB03800A9C901 /* libReactNativeNavigation.a in Frameworks */ = {isa = PBXBuildFile; fileRef = FC983DD521CDAF6800063476 /* libReactNativeNavigation.a */; };
		FC366D2E23008674002709A9 /* libRNBlur.a in Frameworks */ = {isa = PBXBuildFile; fileRef = FCE471D822F3B431004F4A4C /* libRNBlur.a */; };
		FC3F46322337CC7F004B7817 /* StoreKit.framework in Frameworks */ = {isa = PBXBuildFile; fileRef = FC3F46312337CC7F004B7817 /* StoreKit.framework */; };
		FC5BADCB22ECC3D10077855E /* Empty.swift in Sources */ = {isa = PBXBuildFile; fileRef = FC5BADCA22ECC3D10077855E /* Empty.swift */; };
		FC6D734123011C3100D07CD0 /* libHSReactNativeCamera.a in Frameworks */ = {isa = PBXBuildFile; fileRef = FCCA731E22F4B6FB00163C4E /* libHSReactNativeCamera.a */; };
		FC6EA7D621CEA44D007C3B3E /* PassionOne-Regular.ttf in Resources */ = {isa = PBXBuildFile; fileRef = FC6EA7AC21CEA44D007C3B3E /* PassionOne-Regular.ttf */; };
		FC6EA7D721CEA44D007C3B3E /* PT_Sans-Web-Bold.ttf in Resources */ = {isa = PBXBuildFile; fileRef = FC6EA7D421CEA44D007C3B3E /* PT_Sans-Web-Bold.ttf */; };
		FC6EA7D821CEA44D007C3B3E /* PT_Sans-Web-Regular.ttf in Resources */ = {isa = PBXBuildFile; fileRef = FC6EA7D521CEA44D007C3B3E /* PT_Sans-Web-Regular.ttf */; };
		FC7452F32305E49700436E62 /* Inter-Medium.ttf in Resources */ = {isa = PBXBuildFile; fileRef = FC7452EC2305E49700436E62 /* Inter-Medium.ttf */; };
		FC7452F42305E49700436E62 /* Inter-Regular.ttf in Resources */ = {isa = PBXBuildFile; fileRef = FC7452ED2305E49700436E62 /* Inter-Regular.ttf */; };
		FC7452F52305E49700436E62 /* Inter-ExtraBold.ttf in Resources */ = {isa = PBXBuildFile; fileRef = FC7452EE2305E49700436E62 /* Inter-ExtraBold.ttf */; };
		FC7452F62305E49700436E62 /* Inter-Bold.ttf in Resources */ = {isa = PBXBuildFile; fileRef = FC7452EF2305E49700436E62 /* Inter-Bold.ttf */; };
		FC7452F72305E49700436E62 /* Inter-ExtraLight-BETA.ttf in Resources */ = {isa = PBXBuildFile; fileRef = FC7452F02305E49700436E62 /* Inter-ExtraLight-BETA.ttf */; };
		FC7452F82305E49700436E62 /* Inter-SemiBold.ttf in Resources */ = {isa = PBXBuildFile; fileRef = FC7452F12305E49700436E62 /* Inter-SemiBold.ttf */; };
		FC7452F92305E49700436E62 /* Inter-Black.ttf in Resources */ = {isa = PBXBuildFile; fileRef = FC7452F22305E49700436E62 /* Inter-Black.ttf */; };
		FC74777B232D505000D3447C /* onboarding.mov in Resources */ = {isa = PBXBuildFile; fileRef = FC74777A232D505000D3447C /* onboarding.mov */; };
		FC980B0E2301CAB400CFBFD4 /* libHSReactNativeMedia.a in Frameworks */ = {isa = PBXBuildFile; fileRef = FC5BAE0F22ECC4750077855E /* libHSReactNativeMedia.a */; };
		FCC9E8702324533E00441517 /* BOCA LogoType@3x.png in Resources */ = {isa = PBXBuildFile; fileRef = FCC9E86F2324533E00441517 /* BOCA LogoType@3x.png */; };
		FCD64B2023333EF600E9112F /* GoogleService-Info.plist in Resources */ = {isa = PBXBuildFile; fileRef = FCD64AE523333EF600E9112F /* GoogleService-Info.plist */; };
		FCE9B07E231897E1008A8407 /* High Street LogoType Black@3x.png in Resources */ = {isa = PBXBuildFile; fileRef = FCE9B045231897E0008A8407 /* High Street LogoType Black@3x.png */; };
/* End PBXBuildFile section */

/* Begin PBXContainerItemProxy section */
		00C302AB1ABCB8CE00DB3ED1 /* PBXContainerItemProxy */ = {
			isa = PBXContainerItemProxy;
			containerPortal = 00C302A71ABCB8CE00DB3ED1 /* RCTActionSheet.xcodeproj */;
			proxyType = 2;
			remoteGlobalIDString = 134814201AA4EA6300B7C361;
			remoteInfo = RCTActionSheet;
		};
		00C302B91ABCB90400DB3ED1 /* PBXContainerItemProxy */ = {
			isa = PBXContainerItemProxy;
			containerPortal = 00C302B51ABCB90400DB3ED1 /* RCTGeolocation.xcodeproj */;
			proxyType = 2;
			remoteGlobalIDString = 134814201AA4EA6300B7C361;
			remoteInfo = RCTGeolocation;
		};
		00C302BF1ABCB91800DB3ED1 /* PBXContainerItemProxy */ = {
			isa = PBXContainerItemProxy;
			containerPortal = 00C302BB1ABCB91800DB3ED1 /* RCTImage.xcodeproj */;
			proxyType = 2;
			remoteGlobalIDString = 58B5115D1A9E6B3D00147676;
			remoteInfo = RCTImage;
		};
		00C302DB1ABCB9D200DB3ED1 /* PBXContainerItemProxy */ = {
			isa = PBXContainerItemProxy;
			containerPortal = 00C302D31ABCB9D200DB3ED1 /* RCTNetwork.xcodeproj */;
			proxyType = 2;
			remoteGlobalIDString = 58B511DB1A9E6C8500147676;
			remoteInfo = RCTNetwork;
		};
		00C302E31ABCB9EE00DB3ED1 /* PBXContainerItemProxy */ = {
			isa = PBXContainerItemProxy;
			containerPortal = 00C302DF1ABCB9EE00DB3ED1 /* RCTVibration.xcodeproj */;
			proxyType = 2;
			remoteGlobalIDString = 832C81801AAF6DEF007FA2F7;
			remoteInfo = RCTVibration;
		};
		139105C01AF99BAD00B5F7CC /* PBXContainerItemProxy */ = {
			isa = PBXContainerItemProxy;
			containerPortal = 139105B61AF99BAD00B5F7CC /* RCTSettings.xcodeproj */;
			proxyType = 2;
			remoteGlobalIDString = 134814201AA4EA6300B7C361;
			remoteInfo = RCTSettings;
		};
		139FDEF31B06529B00C62182 /* PBXContainerItemProxy */ = {
			isa = PBXContainerItemProxy;
			containerPortal = 139FDEE61B06529A00C62182 /* RCTWebSocket.xcodeproj */;
			proxyType = 2;
			remoteGlobalIDString = 3C86DF461ADF2C930047B81A;
			remoteInfo = RCTWebSocket;
		};
		146834031AC3E56700842450 /* PBXContainerItemProxy */ = {
			isa = PBXContainerItemProxy;
			containerPortal = 146833FF1AC3E56700842450 /* React.xcodeproj */;
			proxyType = 2;
			remoteGlobalIDString = 83CBBA2E1A601D0E00E9B192;
			remoteInfo = React;
		};
		2D16E6711FA4F8DC00B85C8A /* PBXContainerItemProxy */ = {
			isa = PBXContainerItemProxy;
			containerPortal = ADBDB91F1DFEBF0600ED6528 /* RCTBlob.xcodeproj */;
			proxyType = 2;
			remoteGlobalIDString = ADD01A681E09402E00F6D226;
			remoteInfo = "RCTBlob-tvOS";
		};
		2D16E6831FA4F8DC00B85C8A /* PBXContainerItemProxy */ = {
			isa = PBXContainerItemProxy;
			containerPortal = 139FDEE61B06529A00C62182 /* RCTWebSocket.xcodeproj */;
			proxyType = 2;
			remoteGlobalIDString = 3DBE0D001F3B181A0099AA32;
			remoteInfo = fishhook;
		};
		2D16E6851FA4F8DC00B85C8A /* PBXContainerItemProxy */ = {
			isa = PBXContainerItemProxy;
			containerPortal = 139FDEE61B06529A00C62182 /* RCTWebSocket.xcodeproj */;
			proxyType = 2;
			remoteGlobalIDString = 3DBE0D0D1F3B181C0099AA32;
			remoteInfo = "fishhook-tvOS";
		};
		2DF0FFDE2056DD460020B375 /* PBXContainerItemProxy */ = {
			isa = PBXContainerItemProxy;
			containerPortal = 146833FF1AC3E56700842450 /* React.xcodeproj */;
			proxyType = 2;
			remoteGlobalIDString = EBF21BDC1FC498900052F4D5;
			remoteInfo = jsinspector;
		};
		2DF0FFE02056DD460020B375 /* PBXContainerItemProxy */ = {
			isa = PBXContainerItemProxy;
			containerPortal = 146833FF1AC3E56700842450 /* React.xcodeproj */;
			proxyType = 2;
			remoteGlobalIDString = EBF21BFA1FC4989A0052F4D5;
			remoteInfo = "jsinspector-tvOS";
		};
		2DF0FFE22056DD460020B375 /* PBXContainerItemProxy */ = {
			isa = PBXContainerItemProxy;
			containerPortal = 146833FF1AC3E56700842450 /* React.xcodeproj */;
			proxyType = 2;
			remoteGlobalIDString = 139D7ECE1E25DB7D00323FB7;
			remoteInfo = "third-party";
		};
		2DF0FFE42056DD460020B375 /* PBXContainerItemProxy */ = {
			isa = PBXContainerItemProxy;
			containerPortal = 146833FF1AC3E56700842450 /* React.xcodeproj */;
			proxyType = 2;
			remoteGlobalIDString = 3D383D3C1EBD27B6005632C8;
			remoteInfo = "third-party-tvOS";
		};
		2DF0FFE62056DD460020B375 /* PBXContainerItemProxy */ = {
			isa = PBXContainerItemProxy;
			containerPortal = 146833FF1AC3E56700842450 /* React.xcodeproj */;
			proxyType = 2;
			remoteGlobalIDString = 139D7E881E25C6D100323FB7;
			remoteInfo = "double-conversion";
		};
		2DF0FFE82056DD460020B375 /* PBXContainerItemProxy */ = {
			isa = PBXContainerItemProxy;
			containerPortal = 146833FF1AC3E56700842450 /* React.xcodeproj */;
			proxyType = 2;
			remoteGlobalIDString = 3D383D621EBD27B9005632C8;
			remoteInfo = "double-conversion-tvOS";
		};
		2DF0FFEA2056DD460020B375 /* PBXContainerItemProxy */ = {
			isa = PBXContainerItemProxy;
			containerPortal = 146833FF1AC3E56700842450 /* React.xcodeproj */;
			proxyType = 2;
			remoteGlobalIDString = 9936F3131F5F2E4B0010BF04;
			remoteInfo = privatedata;
		};
		2DF0FFEC2056DD460020B375 /* PBXContainerItemProxy */ = {
			isa = PBXContainerItemProxy;
			containerPortal = 146833FF1AC3E56700842450 /* React.xcodeproj */;
			proxyType = 2;
			remoteGlobalIDString = 9936F32F1F5F2E5B0010BF04;
			remoteInfo = "privatedata-tvOS";
		};
		3DAD3E831DF850E9000B6D8A /* PBXContainerItemProxy */ = {
			isa = PBXContainerItemProxy;
			containerPortal = 00C302BB1ABCB91800DB3ED1 /* RCTImage.xcodeproj */;
			proxyType = 2;
			remoteGlobalIDString = 2D2A283A1D9B042B00D4039D;
			remoteInfo = "RCTImage-tvOS";
		};
		3DAD3E871DF850E9000B6D8A /* PBXContainerItemProxy */ = {
			isa = PBXContainerItemProxy;
			containerPortal = 78C398B01ACF4ADC00677621 /* RCTLinking.xcodeproj */;
			proxyType = 2;
			remoteGlobalIDString = 2D2A28471D9B043800D4039D;
			remoteInfo = "RCTLinking-tvOS";
		};
		3DAD3E8B1DF850E9000B6D8A /* PBXContainerItemProxy */ = {
			isa = PBXContainerItemProxy;
			containerPortal = 00C302D31ABCB9D200DB3ED1 /* RCTNetwork.xcodeproj */;
			proxyType = 2;
			remoteGlobalIDString = 2D2A28541D9B044C00D4039D;
			remoteInfo = "RCTNetwork-tvOS";
		};
		3DAD3E8F1DF850E9000B6D8A /* PBXContainerItemProxy */ = {
			isa = PBXContainerItemProxy;
			containerPortal = 139105B61AF99BAD00B5F7CC /* RCTSettings.xcodeproj */;
			proxyType = 2;
			remoteGlobalIDString = 2D2A28611D9B046600D4039D;
			remoteInfo = "RCTSettings-tvOS";
		};
		3DAD3E931DF850E9000B6D8A /* PBXContainerItemProxy */ = {
			isa = PBXContainerItemProxy;
			containerPortal = 832341B01AAA6A8300B99B32 /* RCTText.xcodeproj */;
			proxyType = 2;
			remoteGlobalIDString = 2D2A287B1D9B048500D4039D;
			remoteInfo = "RCTText-tvOS";
		};
		3DAD3E981DF850E9000B6D8A /* PBXContainerItemProxy */ = {
			isa = PBXContainerItemProxy;
			containerPortal = 139FDEE61B06529A00C62182 /* RCTWebSocket.xcodeproj */;
			proxyType = 2;
			remoteGlobalIDString = 2D2A28881D9B049200D4039D;
			remoteInfo = "RCTWebSocket-tvOS";
		};
		3DAD3EA21DF850E9000B6D8A /* PBXContainerItemProxy */ = {
			isa = PBXContainerItemProxy;
			containerPortal = 146833FF1AC3E56700842450 /* React.xcodeproj */;
			proxyType = 2;
			remoteGlobalIDString = 2D2A28131D9B038B00D4039D;
			remoteInfo = "React-tvOS";
		};
		3DAD3EA41DF850E9000B6D8A /* PBXContainerItemProxy */ = {
			isa = PBXContainerItemProxy;
			containerPortal = 146833FF1AC3E56700842450 /* React.xcodeproj */;
			proxyType = 2;
			remoteGlobalIDString = 3D3C059A1DE3340900C268FA;
			remoteInfo = yoga;
		};
		3DAD3EA61DF850E9000B6D8A /* PBXContainerItemProxy */ = {
			isa = PBXContainerItemProxy;
			containerPortal = 146833FF1AC3E56700842450 /* React.xcodeproj */;
			proxyType = 2;
			remoteGlobalIDString = 3D3C06751DE3340C00C268FA;
			remoteInfo = "yoga-tvOS";
		};
		3DAD3EA81DF850E9000B6D8A /* PBXContainerItemProxy */ = {
			isa = PBXContainerItemProxy;
			containerPortal = 146833FF1AC3E56700842450 /* React.xcodeproj */;
			proxyType = 2;
			remoteGlobalIDString = 3D3CD9251DE5FBEC00167DC4;
			remoteInfo = cxxreact;
		};
		3DAD3EAA1DF850E9000B6D8A /* PBXContainerItemProxy */ = {
			isa = PBXContainerItemProxy;
			containerPortal = 146833FF1AC3E56700842450 /* React.xcodeproj */;
			proxyType = 2;
			remoteGlobalIDString = 3D3CD9321DE5FBEE00167DC4;
			remoteInfo = "cxxreact-tvOS";
		};
		3DAD3EAC1DF850E9000B6D8A /* PBXContainerItemProxy */ = {
			isa = PBXContainerItemProxy;
			containerPortal = 146833FF1AC3E56700842450 /* React.xcodeproj */;
			proxyType = 2;
			remoteGlobalIDString = 3D3CD90B1DE5FBD600167DC4;
			remoteInfo = jschelpers;
		};
		3DAD3EAE1DF850E9000B6D8A /* PBXContainerItemProxy */ = {
			isa = PBXContainerItemProxy;
			containerPortal = 146833FF1AC3E56700842450 /* React.xcodeproj */;
			proxyType = 2;
			remoteGlobalIDString = 3D3CD9181DE5FBD800167DC4;
			remoteInfo = "jschelpers-tvOS";
		};
		5E9157321DD0AC6500FF2AA8 /* PBXContainerItemProxy */ = {
			isa = PBXContainerItemProxy;
			containerPortal = 5E91572D1DD0AC6500FF2AA8 /* RCTAnimation.xcodeproj */;
			proxyType = 2;
			remoteGlobalIDString = 134814201AA4EA6300B7C361;
			remoteInfo = RCTAnimation;
		};
		5E9157341DD0AC6500FF2AA8 /* PBXContainerItemProxy */ = {
			isa = PBXContainerItemProxy;
			containerPortal = 5E91572D1DD0AC6500FF2AA8 /* RCTAnimation.xcodeproj */;
			proxyType = 2;
			remoteGlobalIDString = 2D2A28201D9B03D100D4039D;
			remoteInfo = "RCTAnimation-tvOS";
		};
		78C398B81ACF4ADC00677621 /* PBXContainerItemProxy */ = {
			isa = PBXContainerItemProxy;
			containerPortal = 78C398B01ACF4ADC00677621 /* RCTLinking.xcodeproj */;
			proxyType = 2;
			remoteGlobalIDString = 134814201AA4EA6300B7C361;
			remoteInfo = RCTLinking;
		};
		832341B41AAA6A8300B99B32 /* PBXContainerItemProxy */ = {
			isa = PBXContainerItemProxy;
			containerPortal = 832341B01AAA6A8300B99B32 /* RCTText.xcodeproj */;
			proxyType = 2;
			remoteGlobalIDString = 58B5119B1A9E6C1200147676;
			remoteInfo = RCTText;
		};
		ADBDB9261DFEBF0700ED6528 /* PBXContainerItemProxy */ = {
			isa = PBXContainerItemProxy;
			containerPortal = ADBDB91F1DFEBF0600ED6528 /* RCTBlob.xcodeproj */;
			proxyType = 2;
			remoteGlobalIDString = 358F4ED71D1E81A9004DF814;
			remoteInfo = RCTBlob;
		};
		FC07FCCA22F3FCC400CB1E2C /* PBXContainerItemProxy */ = {
			isa = PBXContainerItemProxy;
			containerPortal = 11BC89623304422BA45F228B /* RNSVG.xcodeproj */;
			proxyType = 2;
			remoteGlobalIDString = 0CF68AC11AF0540F00FF9E5C;
			remoteInfo = RNSVG;
		};
		FC07FCCC22F3FCC400CB1E2C /* PBXContainerItemProxy */ = {
			isa = PBXContainerItemProxy;
			containerPortal = 11BC89623304422BA45F228B /* RNSVG.xcodeproj */;
			proxyType = 2;
			remoteGlobalIDString = 94DDAC5C1F3D024300EED511;
			remoteInfo = "RNSVG-tvOS";
		};
		FC07FD1922F49F8D00CB1E2C /* PBXContainerItemProxy */ = {
			isa = PBXContainerItemProxy;
			containerPortal = B6A30EE290B04007B3E617EB /* BVLinearGradient.xcodeproj */;
			proxyType = 2;
			remoteGlobalIDString = 134814201AA4EA6300B7C361;
			remoteInfo = BVLinearGradient;
		};
		FC07FD1B22F49F8D00CB1E2C /* PBXContainerItemProxy */ = {
			isa = PBXContainerItemProxy;
			containerPortal = B6A30EE290B04007B3E617EB /* BVLinearGradient.xcodeproj */;
			proxyType = 2;
			remoteGlobalIDString = 64AA15081EF7F30100718508;
			remoteInfo = "BVLinearGradient-tvOS";
		};
		FC5BAE0E22ECC4750077855E /* PBXContainerItemProxy */ = {
			isa = PBXContainerItemProxy;
			containerPortal = AA5E4B57AB6846A1841EA16E /* HSReactNativeMedia.xcodeproj */;
			proxyType = 2;
			remoteGlobalIDString = 134814201AA4EA6300B7C361;
			remoteInfo = HSReactNativeMedia;
		};
		FC5BAE1422EE11DF0077855E /* PBXContainerItemProxy */ = {
			isa = PBXContainerItemProxy;
			containerPortal = FC5BAE1022EE11DF0077855E /* HSCameraUtils.xcodeproj */;
			proxyType = 2;
			remoteGlobalIDString = FC664F3022CADBF800FD8AE7;
			remoteInfo = HSCameraUtils;
		};
		FC7452942303D1EF00436E62 /* PBXContainerItemProxy */ = {
			isa = PBXContainerItemProxy;
			containerPortal = 89932B26F15345A292AF4B96 /* RNGestureHandler.xcodeproj */;
			proxyType = 2;
			remoteGlobalIDString = 134814201AA4EA6300B7C361;
			remoteInfo = RNGestureHandler;
		};
		FC7452962303D1EF00436E62 /* PBXContainerItemProxy */ = {
			isa = PBXContainerItemProxy;
			containerPortal = 89932B26F15345A292AF4B96 /* RNGestureHandler.xcodeproj */;
			proxyType = 2;
			remoteGlobalIDString = B5C32A36220C603B000FFB8D;
			remoteInfo = "RNGestureHandler-tvOS";
		};
		FC7452EA2305DAF300436E62 /* PBXContainerItemProxy */ = {
			isa = PBXContainerItemProxy;
			containerPortal = A93F14D230704F4085648775 /* ReactNativeHaptic.xcodeproj */;
			proxyType = 2;
			remoteGlobalIDString = 134814201AA4EA6300B7C361;
			remoteInfo = ReactNativeHaptic;
		};
		FC75410022AAE8D400F10CE4 /* PBXContainerItemProxy */ = {
			isa = PBXContainerItemProxy;
			containerPortal = EDF9D805004747F996337EDF /* ReactNativeConfig.xcodeproj */;
			proxyType = 2;
			remoteGlobalIDString = EB2648DF1C7BE17A00B8F155;
			remoteInfo = ReactNativeConfig;
		};
		FC75410222AAE8D400F10CE4 /* PBXContainerItemProxy */ = {
			isa = PBXContainerItemProxy;
			containerPortal = EDF9D805004747F996337EDF /* ReactNativeConfig.xcodeproj */;
			proxyType = 2;
			remoteGlobalIDString = 3DF7F6AC203AA09B00D0EAB7;
			remoteInfo = "ReactNativeConfig-tvOS";
		};
		FC7AF72D23032EDA00506DE1 /* PBXContainerItemProxy */ = {
			isa = PBXContainerItemProxy;
			containerPortal = A806432AF2FC47919DEF0E22 /* RNSafeArea.xcodeproj */;
			proxyType = 2;
			remoteGlobalIDString = 6DA7B8031F692C4C00FD1D50;
			remoteInfo = RNSafeArea;
		};
		FC983DD421CDAF6800063476 /* PBXContainerItemProxy */ = {
			isa = PBXContainerItemProxy;
			containerPortal = D1A322132CEB40238AD3A6FC /* ReactNativeNavigation.xcodeproj */;
			proxyType = 2;
			remoteGlobalIDString = D8AFADBD1BEE6F3F00A4592D;
			remoteInfo = ReactNativeNavigation;
		};
		FC983DD621CDAF6800063476 /* PBXContainerItemProxy */ = {
			isa = PBXContainerItemProxy;
			containerPortal = D1A322132CEB40238AD3A6FC /* ReactNativeNavigation.xcodeproj */;
			proxyType = 2;
			remoteGlobalIDString = 7B49FEBB1E95090800DEB3EA;
			remoteInfo = ReactNativeNavigationTests;
		};
		FCC9E7E22324499E00441517 /* PBXContainerItemProxy */ = {
			isa = PBXContainerItemProxy;
			containerPortal = F6B9DF43C9D6409C83FA8384 /* RNSentry.xcodeproj */;
			proxyType = 2;
			remoteGlobalIDString = 134814201AA4EA6300B7C361;
			remoteInfo = RNSentry;
		};
		FCC9E7E42324499E00441517 /* PBXContainerItemProxy */ = {
			isa = PBXContainerItemProxy;
			containerPortal = F6B9DF43C9D6409C83FA8384 /* RNSentry.xcodeproj */;
			proxyType = 2;
			remoteGlobalIDString = 274692C321B4414400BF91A8;
			remoteInfo = "RNSentry-tvOS";
		};
		FCCA731D22F4B6FB00163C4E /* PBXContainerItemProxy */ = {
			isa = PBXContainerItemProxy;
			containerPortal = C3B89F93805948A9ABA5AA0B /* HSReactNativeCamera.xcodeproj */;
			proxyType = 2;
			remoteGlobalIDString = FC75EB2B22CAE84A003AB14E;
			remoteInfo = HSReactNativeCamera;
		};
		FCDFF00623147BD3006D7255 /* PBXContainerItemProxy */ = {
			isa = PBXContainerItemProxy;
			containerPortal = 51268D1B7C5B495C97E9CB0D /* SplashScreen.xcodeproj */;
			proxyType = 2;
			remoteGlobalIDString = 3D7682761D8E76B80014119E;
			remoteInfo = SplashScreen;
		};
		FCE4719222F3B09A004F4A4C /* PBXContainerItemProxy */ = {
			isa = PBXContainerItemProxy;
			containerPortal = AA86142A1C7E44C5935048E9 /* HSAnimatedUI.xcodeproj */;
			proxyType = 2;
			remoteGlobalIDString = 134814201AA4EA6300B7C361;
			remoteInfo = HSAnimatedUI;
		};
		FCE471D722F3B431004F4A4C /* PBXContainerItemProxy */ = {
			isa = PBXContainerItemProxy;
			containerPortal = A1C7874AC0B84A41956EE877 /* RNBlur.xcodeproj */;
			proxyType = 2;
			remoteGlobalIDString = A68BD7BC1BC31318005F02DF;
			remoteInfo = RNBlur;
		};
		FCE471D922F3B431004F4A4C /* PBXContainerItemProxy */ = {
			isa = PBXContainerItemProxy;
			containerPortal = A1C7874AC0B84A41956EE877 /* RNBlur.xcodeproj */;
			proxyType = 2;
			remoteGlobalIDString = 64D1BD361EEFE88700F3F219;
			remoteInfo = "RNBlur-tvOS";
		};
/* End PBXContainerItemProxy section */

/* Begin PBXCopyFilesBuildPhase section */
		FC0525D8232063670045C2F3 /* Embed Frameworks */ = {
			isa = PBXCopyFilesBuildPhase;
			buildActionMask = 2147483647;
			dstPath = "";
			dstSubfolderSpec = 10;
			files = (
			);
			name = "Embed Frameworks";
			runOnlyForDeploymentPostprocessing = 0;
		};
/* End PBXCopyFilesBuildPhase section */

/* Begin PBXFileReference section */
		008F07F21AC5B25A0029DE68 /* main.jsbundle */ = {isa = PBXFileReference; fileEncoding = 4; lastKnownFileType = text; path = main.jsbundle; sourceTree = "<group>"; };
		00C302A71ABCB8CE00DB3ED1 /* RCTActionSheet.xcodeproj */ = {isa = PBXFileReference; lastKnownFileType = "wrapper.pb-project"; name = RCTActionSheet.xcodeproj; path = "../node_modules/react-native/Libraries/ActionSheetIOS/RCTActionSheet.xcodeproj"; sourceTree = "<group>"; };
		00C302B51ABCB90400DB3ED1 /* RCTGeolocation.xcodeproj */ = {isa = PBXFileReference; lastKnownFileType = "wrapper.pb-project"; name = RCTGeolocation.xcodeproj; path = "../node_modules/react-native/Libraries/Geolocation/RCTGeolocation.xcodeproj"; sourceTree = "<group>"; };
		00C302BB1ABCB91800DB3ED1 /* RCTImage.xcodeproj */ = {isa = PBXFileReference; lastKnownFileType = "wrapper.pb-project"; name = RCTImage.xcodeproj; path = "../node_modules/react-native/Libraries/Image/RCTImage.xcodeproj"; sourceTree = "<group>"; };
		00C302D31ABCB9D200DB3ED1 /* RCTNetwork.xcodeproj */ = {isa = PBXFileReference; lastKnownFileType = "wrapper.pb-project"; name = RCTNetwork.xcodeproj; path = "../node_modules/react-native/Libraries/Network/RCTNetwork.xcodeproj"; sourceTree = "<group>"; };
		00C302DF1ABCB9EE00DB3ED1 /* RCTVibration.xcodeproj */ = {isa = PBXFileReference; lastKnownFileType = "wrapper.pb-project"; name = RCTVibration.xcodeproj; path = "../node_modules/react-native/Libraries/Vibration/RCTVibration.xcodeproj"; sourceTree = "<group>"; };
		00E356F11AD99517003FC87E /* Info.plist */ = {isa = PBXFileReference; lastKnownFileType = text.plist.xml; path = Info.plist; sourceTree = "<group>"; };
		00E356F21AD99517003FC87E /* BombastTests.m */ = {isa = PBXFileReference; lastKnownFileType = sourcecode.c.objc; path = BombastTests.m; sourceTree = "<group>"; };
		11BC89623304422BA45F228B /* RNSVG.xcodeproj */ = {isa = PBXFileReference; explicitFileType = undefined; fileEncoding = 9; includeInIndex = 0; lastKnownFileType = "wrapper.pb-project"; name = RNSVG.xcodeproj; path = "../node_modules/react-native-svg/ios/RNSVG.xcodeproj"; sourceTree = "<group>"; };
		139105B61AF99BAD00B5F7CC /* RCTSettings.xcodeproj */ = {isa = PBXFileReference; lastKnownFileType = "wrapper.pb-project"; name = RCTSettings.xcodeproj; path = "../node_modules/react-native/Libraries/Settings/RCTSettings.xcodeproj"; sourceTree = "<group>"; };
		139FDEE61B06529A00C62182 /* RCTWebSocket.xcodeproj */ = {isa = PBXFileReference; lastKnownFileType = "wrapper.pb-project"; name = RCTWebSocket.xcodeproj; path = "../node_modules/react-native/Libraries/WebSocket/RCTWebSocket.xcodeproj"; sourceTree = "<group>"; };
		13B07F961A680F5B00A75B9A /* Boca.app */ = {isa = PBXFileReference; explicitFileType = wrapper.application; includeInIndex = 0; path = Boca.app; sourceTree = BUILT_PRODUCTS_DIR; };
		13B07FAF1A68108700A75B9A /* AppDelegate.h */ = {isa = PBXFileReference; fileEncoding = 4; lastKnownFileType = sourcecode.c.h; name = AppDelegate.h; path = Bombast/AppDelegate.h; sourceTree = "<group>"; };
		13B07FB01A68108700A75B9A /* AppDelegate.m */ = {isa = PBXFileReference; fileEncoding = 4; lastKnownFileType = sourcecode.c.objc; name = AppDelegate.m; path = Bombast/AppDelegate.m; sourceTree = "<group>"; };
		13B07FB21A68108700A75B9A /* Base */ = {isa = PBXFileReference; lastKnownFileType = file.xib; name = Base; path = Base.lproj/LaunchScreen.xib; sourceTree = "<group>"; };
		13B07FB51A68108700A75B9A /* Images.xcassets */ = {isa = PBXFileReference; lastKnownFileType = folder.assetcatalog; name = Images.xcassets; path = Bombast/Images.xcassets; sourceTree = "<group>"; };
		13B07FB61A68108700A75B9A /* Info.plist */ = {isa = PBXFileReference; fileEncoding = 4; lastKnownFileType = text.plist.xml; name = Info.plist; path = Bombast/Info.plist; sourceTree = "<group>"; };
		13B07FB71A68108700A75B9A /* main.m */ = {isa = PBXFileReference; fileEncoding = 4; lastKnownFileType = sourcecode.c.objc; name = main.m; path = Bombast/main.m; sourceTree = "<group>"; };
		146833FF1AC3E56700842450 /* React.xcodeproj */ = {isa = PBXFileReference; lastKnownFileType = "wrapper.pb-project"; name = React.xcodeproj; path = "../node_modules/react-native/React/React.xcodeproj"; sourceTree = "<group>"; };
		17D5081A9E144C26BA21D83A /* libRNSentry.a */ = {isa = PBXFileReference; explicitFileType = undefined; fileEncoding = 9; includeInIndex = 0; lastKnownFileType = archive.ar; path = libRNSentry.a; sourceTree = "<group>"; };
		1C4AA6EDF3AB491081D2973D /* libReactNativeHaptic.a */ = {isa = PBXFileReference; explicitFileType = undefined; fileEncoding = 9; includeInIndex = 0; lastKnownFileType = archive.ar; path = libReactNativeHaptic.a; sourceTree = "<group>"; };
		265AC1ED3D1E41B2A6D0A308 /* libRNBlur.a */ = {isa = PBXFileReference; explicitFileType = undefined; fileEncoding = 9; includeInIndex = 0; lastKnownFileType = archive.ar; path = libRNBlur.a; sourceTree = "<group>"; };
		2D16E6891FA4F8E400B85C8A /* libReact.a */ = {isa = PBXFileReference; explicitFileType = archive.ar; path = libReact.a; sourceTree = BUILT_PRODUCTS_DIR; };
		30628CDE7DC846A981EE0F0D /* libRNSVG.a */ = {isa = PBXFileReference; explicitFileType = undefined; fileEncoding = 9; includeInIndex = 0; lastKnownFileType = archive.ar; path = libRNSVG.a; sourceTree = "<group>"; };
		3238105B577147C59D3EDB5F /* libHSReactNativeCamera.a */ = {isa = PBXFileReference; explicitFileType = undefined; fileEncoding = 9; includeInIndex = 0; lastKnownFileType = archive.ar; path = libHSReactNativeCamera.a; sourceTree = "<group>"; };
		43A17965807A40CB9AD41F0C /* libSplashScreen.a */ = {isa = PBXFileReference; explicitFileType = undefined; fileEncoding = 9; includeInIndex = 0; lastKnownFileType = archive.ar; path = libSplashScreen.a; sourceTree = "<group>"; };
		51268D1B7C5B495C97E9CB0D /* SplashScreen.xcodeproj */ = {isa = PBXFileReference; explicitFileType = undefined; fileEncoding = 9; includeInIndex = 0; lastKnownFileType = "wrapper.pb-project"; name = SplashScreen.xcodeproj; path = "../node_modules/react-native-splash-screen/ios/SplashScreen.xcodeproj"; sourceTree = "<group>"; };
		5424CEBFC30D4DABB9808729 /* libz.tbd */ = {isa = PBXFileReference; explicitFileType = undefined; fileEncoding = 9; includeInIndex = 0; lastKnownFileType = "sourcecode.text-based-dylib-definition"; name = libz.tbd; path = usr/lib/libz.tbd; sourceTree = SDKROOT; };
		5AC3AC84D4E24EDA91E08877 /* ReactNativeNavigationTests.xctest */ = {isa = PBXFileReference; explicitFileType = undefined; fileEncoding = 9; includeInIndex = 0; lastKnownFileType = wrapper.cfbundle; path = ReactNativeNavigationTests.xctest; sourceTree = "<group>"; };
		5E91572D1DD0AC6500FF2AA8 /* RCTAnimation.xcodeproj */ = {isa = PBXFileReference; lastKnownFileType = "wrapper.pb-project"; name = RCTAnimation.xcodeproj; path = "../node_modules/react-native/Libraries/NativeAnimation/RCTAnimation.xcodeproj"; sourceTree = "<group>"; };
		78C398B01ACF4ADC00677621 /* RCTLinking.xcodeproj */ = {isa = PBXFileReference; lastKnownFileType = "wrapper.pb-project"; name = RCTLinking.xcodeproj; path = "../node_modules/react-native/Libraries/LinkingIOS/RCTLinking.xcodeproj"; sourceTree = "<group>"; };
		79FC96B9A5734E1BA3A263CD /* libRNGestureHandler.a */ = {isa = PBXFileReference; explicitFileType = undefined; fileEncoding = 9; includeInIndex = 0; lastKnownFileType = archive.ar; path = libRNGestureHandler.a; sourceTree = "<group>"; };
		832341B01AAA6A8300B99B32 /* RCTText.xcodeproj */ = {isa = PBXFileReference; lastKnownFileType = "wrapper.pb-project"; name = RCTText.xcodeproj; path = "../node_modules/react-native/Libraries/Text/RCTText.xcodeproj"; sourceTree = "<group>"; };
		89932B26F15345A292AF4B96 /* RNGestureHandler.xcodeproj */ = {isa = PBXFileReference; explicitFileType = undefined; fileEncoding = 9; includeInIndex = 0; lastKnownFileType = "wrapper.pb-project"; name = RNGestureHandler.xcodeproj; path = "../node_modules/react-native-gesture-handler/ios/RNGestureHandler.xcodeproj"; sourceTree = "<group>"; };
		8B303F65E6CA4EE7B72368C8 /* libBVLinearGradient.a */ = {isa = PBXFileReference; explicitFileType = undefined; fileEncoding = 9; includeInIndex = 0; lastKnownFileType = archive.ar; path = libBVLinearGradient.a; sourceTree = "<group>"; };
		A1C7874AC0B84A41956EE877 /* RNBlur.xcodeproj */ = {isa = PBXFileReference; explicitFileType = undefined; fileEncoding = 9; includeInIndex = 0; lastKnownFileType = "wrapper.pb-project"; name = RNBlur.xcodeproj; path = "../node_modules/react-native-blur/ios/RNBlur.xcodeproj"; sourceTree = "<group>"; };
		A22375545D454A2599361EEB /* libReactNativeConfig.a */ = {isa = PBXFileReference; explicitFileType = undefined; fileEncoding = 9; includeInIndex = 0; lastKnownFileType = archive.ar; path = libReactNativeConfig.a; sourceTree = "<group>"; };
		A806432AF2FC47919DEF0E22 /* RNSafeArea.xcodeproj */ = {isa = PBXFileReference; explicitFileType = undefined; fileEncoding = 9; includeInIndex = 0; lastKnownFileType = "wrapper.pb-project"; name = RNSafeArea.xcodeproj; path = "../node_modules/react-native-safe-area/ios/RNSafeArea.xcodeproj"; sourceTree = "<group>"; };
		A93F14D230704F4085648775 /* ReactNativeHaptic.xcodeproj */ = {isa = PBXFileReference; explicitFileType = undefined; fileEncoding = 9; includeInIndex = 0; lastKnownFileType = "wrapper.pb-project"; name = ReactNativeHaptic.xcodeproj; path = "../node_modules/react-native-haptic/ios/ReactNativeHaptic.xcodeproj"; sourceTree = "<group>"; };
		AA5E4B57AB6846A1841EA16E /* HSReactNativeMedia.xcodeproj */ = {isa = PBXFileReference; explicitFileType = undefined; fileEncoding = 9; includeInIndex = 0; lastKnownFileType = "wrapper.pb-project"; name = HSReactNativeMedia.xcodeproj; path = "../node_modules/@jonbrennecke/react-native-media/ios/HSReactNativeMedia.xcodeproj"; sourceTree = "<group>"; };
		AA86142A1C7E44C5935048E9 /* HSAnimatedUI.xcodeproj */ = {isa = PBXFileReference; explicitFileType = undefined; fileEncoding = 9; includeInIndex = 0; lastKnownFileType = "wrapper.pb-project"; name = HSAnimatedUI.xcodeproj; path = "../node_modules/@jonbrennecke/react-native-animated-ui/ios/HSAnimatedUI.xcodeproj"; sourceTree = "<group>"; };
		ADBDB91F1DFEBF0600ED6528 /* RCTBlob.xcodeproj */ = {isa = PBXFileReference; lastKnownFileType = "wrapper.pb-project"; name = RCTBlob.xcodeproj; path = "../node_modules/react-native/Libraries/Blob/RCTBlob.xcodeproj"; sourceTree = "<group>"; };
		B5DB943A4E9F44E6BE1F603D /* libHSReactNativeMedia.a */ = {isa = PBXFileReference; explicitFileType = undefined; fileEncoding = 9; includeInIndex = 0; lastKnownFileType = archive.ar; path = libHSReactNativeMedia.a; sourceTree = "<group>"; };
		B6A30EE290B04007B3E617EB /* BVLinearGradient.xcodeproj */ = {isa = PBXFileReference; explicitFileType = undefined; fileEncoding = 9; includeInIndex = 0; lastKnownFileType = "wrapper.pb-project"; name = BVLinearGradient.xcodeproj; path = "../node_modules/react-native-linear-gradient/BVLinearGradient.xcodeproj"; sourceTree = "<group>"; };
		BD50A92D35494C8A876C6C03 /* libReactNativeNavigation.a */ = {isa = PBXFileReference; explicitFileType = undefined; fileEncoding = 9; includeInIndex = 0; lastKnownFileType = archive.ar; path = libReactNativeNavigation.a; sourceTree = "<group>"; };
		BFEB39AE8F984633A0CF9F6D /* libHSAnimatedUI.a */ = {isa = PBXFileReference; explicitFileType = undefined; fileEncoding = 9; includeInIndex = 0; lastKnownFileType = archive.ar; path = libHSAnimatedUI.a; sourceTree = "<group>"; };
		C3B89F93805948A9ABA5AA0B /* HSReactNativeCamera.xcodeproj */ = {isa = PBXFileReference; explicitFileType = undefined; fileEncoding = 9; includeInIndex = 0; lastKnownFileType = "wrapper.pb-project"; name = HSReactNativeCamera.xcodeproj; path = "../node_modules/@jonbrennecke/react-native-camera/ios/HSReactNativeCamera.xcodeproj"; sourceTree = "<group>"; };
		C58E7DD208D94D92847F0B1B /* libReactNativeConfig-tvOS.a */ = {isa = PBXFileReference; explicitFileType = undefined; fileEncoding = 9; includeInIndex = 0; lastKnownFileType = archive.ar; path = "libReactNativeConfig-tvOS.a"; sourceTree = "<group>"; };
		CD2877BF4B4940C9B684C389 /* libRNSafeArea.a */ = {isa = PBXFileReference; explicitFileType = undefined; fileEncoding = 9; includeInIndex = 0; lastKnownFileType = archive.ar; path = libRNSafeArea.a; sourceTree = "<group>"; };
		D1A322132CEB40238AD3A6FC /* ReactNativeNavigation.xcodeproj */ = {isa = PBXFileReference; explicitFileType = undefined; fileEncoding = 9; includeInIndex = 0; lastKnownFileType = "wrapper.pb-project"; name = ReactNativeNavigation.xcodeproj; path = "../node_modules/react-native-navigation/lib/ios/ReactNativeNavigation.xcodeproj"; sourceTree = "<group>"; };
		EDF9D805004747F996337EDF /* ReactNativeConfig.xcodeproj */ = {isa = PBXFileReference; explicitFileType = undefined; fileEncoding = 9; includeInIndex = 0; lastKnownFileType = "wrapper.pb-project"; name = ReactNativeConfig.xcodeproj; path = "../node_modules/react-native-config/ios/ReactNativeConfig.xcodeproj"; sourceTree = "<group>"; };
		F6B9DF43C9D6409C83FA8384 /* RNSentry.xcodeproj */ = {isa = PBXFileReference; explicitFileType = undefined; fileEncoding = 9; includeInIndex = 0; lastKnownFileType = "wrapper.pb-project"; name = RNSentry.xcodeproj; path = "../node_modules/react-native-sentry/ios/RNSentry.xcodeproj"; sourceTree = "<group>"; };
		FC0525F32320646E0045C2F3 /* GoogleUtilities.framework */ = {isa = PBXFileReference; lastKnownFileType = wrapper.framework; name = GoogleUtilities.framework; path = Firebase/Analytics/GoogleUtilities.framework; sourceTree = "<group>"; };
		FC0525F42320646E0045C2F3 /* GoogleDataTransport.framework */ = {isa = PBXFileReference; lastKnownFileType = wrapper.framework; name = GoogleDataTransport.framework; path = Firebase/Analytics/GoogleDataTransport.framework; sourceTree = "<group>"; };
		FC0525F52320646E0045C2F3 /* FirebaseCoreDiagnostics.framework */ = {isa = PBXFileReference; lastKnownFileType = wrapper.framework; name = FirebaseCoreDiagnostics.framework; path = Firebase/Analytics/FirebaseCoreDiagnostics.framework; sourceTree = "<group>"; };
		FC0525F62320646E0045C2F3 /* GoogleAppMeasurement.framework */ = {isa = PBXFileReference; lastKnownFileType = wrapper.framework; name = GoogleAppMeasurement.framework; path = Firebase/Analytics/GoogleAppMeasurement.framework; sourceTree = "<group>"; };
		FC0525F72320646E0045C2F3 /* FirebaseAnalytics.framework */ = {isa = PBXFileReference; lastKnownFileType = wrapper.framework; name = FirebaseAnalytics.framework; path = Firebase/Analytics/FirebaseAnalytics.framework; sourceTree = "<group>"; };
		FC0525F82320646E0045C2F3 /* nanopb.framework */ = {isa = PBXFileReference; lastKnownFileType = wrapper.framework; name = nanopb.framework; path = Firebase/Analytics/nanopb.framework; sourceTree = "<group>"; };
		FC0525F92320646E0045C2F3 /* FirebaseInstanceID.framework */ = {isa = PBXFileReference; lastKnownFileType = wrapper.framework; name = FirebaseInstanceID.framework; path = Firebase/Analytics/FirebaseInstanceID.framework; sourceTree = "<group>"; };
		FC0525FA2320646E0045C2F3 /* FirebaseCore.framework */ = {isa = PBXFileReference; lastKnownFileType = wrapper.framework; name = FirebaseCore.framework; path = Firebase/Analytics/FirebaseCore.framework; sourceTree = "<group>"; };
		FC0525FB2320646E0045C2F3 /* FIRAnalyticsConnector.framework */ = {isa = PBXFileReference; lastKnownFileType = wrapper.framework; name = FIRAnalyticsConnector.framework; path = Firebase/Analytics/FIRAnalyticsConnector.framework; sourceTree = "<group>"; };
		FC0525FC2320646E0045C2F3 /* GoogleDataTransportCCTSupport.framework */ = {isa = PBXFileReference; lastKnownFileType = wrapper.framework; name = GoogleDataTransportCCTSupport.framework; path = Firebase/Analytics/GoogleDataTransportCCTSupport.framework; sourceTree = "<group>"; };
		FC052607232065320045C2F3 /* libsqlite3.tbd */ = {isa = PBXFileReference; lastKnownFileType = "sourcecode.text-based-dylib-definition"; name = libsqlite3.tbd; path = usr/lib/libsqlite3.tbd; sourceTree = SDKROOT; };
		FC0526092320653A0045C2F3 /* libc++.tbd */ = {isa = PBXFileReference; lastKnownFileType = "sourcecode.text-based-dylib-definition"; name = "libc++.tbd"; path = "usr/lib/libc++.tbd"; sourceTree = SDKROOT; };
		FC05260B232065550045C2F3 /* SystemConfiguration.framework */ = {isa = PBXFileReference; lastKnownFileType = wrapper.framework; name = SystemConfiguration.framework; path = System/Library/Frameworks/SystemConfiguration.framework; sourceTree = SDKROOT; };
		FC3F46312337CC7F004B7817 /* StoreKit.framework */ = {isa = PBXFileReference; lastKnownFileType = wrapper.framework; name = StoreKit.framework; path = System/Library/Frameworks/StoreKit.framework; sourceTree = SDKROOT; };
		FC5BADC922ECC3D00077855E /* Bombast-Bridging-Header.h */ = {isa = PBXFileReference; lastKnownFileType = sourcecode.c.h; path = "Bombast-Bridging-Header.h"; sourceTree = "<group>"; };
		FC5BADCA22ECC3D10077855E /* Empty.swift */ = {isa = PBXFileReference; lastKnownFileType = sourcecode.swift; path = Empty.swift; sourceTree = "<group>"; };
		FC5BAE1022EE11DF0077855E /* HSCameraUtils.xcodeproj */ = {isa = PBXFileReference; lastKnownFileType = "wrapper.pb-project"; name = HSCameraUtils.xcodeproj; path = "../../backflip-camera-utils/HSCameraUtils.xcodeproj"; sourceTree = "<group>"; };
		FC6EA7AC21CEA44D007C3B3E /* PassionOne-Regular.ttf */ = {isa = PBXFileReference; lastKnownFileType = file; name = "PassionOne-Regular.ttf"; path = "../assets/fonts/PassionOne-Regular.ttf"; sourceTree = "<group>"; };
		FC6EA7D421CEA44D007C3B3E /* PT_Sans-Web-Bold.ttf */ = {isa = PBXFileReference; lastKnownFileType = file; name = "PT_Sans-Web-Bold.ttf"; path = "../assets/fonts/PT_Sans-Web-Bold.ttf"; sourceTree = "<group>"; };
		FC6EA7D521CEA44D007C3B3E /* PT_Sans-Web-Regular.ttf */ = {isa = PBXFileReference; lastKnownFileType = file; name = "PT_Sans-Web-Regular.ttf"; path = "../assets/fonts/PT_Sans-Web-Regular.ttf"; sourceTree = "<group>"; };
		FC7452EC2305E49700436E62 /* Inter-Medium.ttf */ = {isa = PBXFileReference; lastKnownFileType = file; name = "Inter-Medium.ttf"; path = "../assets/fonts/Inter (TTF)/Inter-Medium.ttf"; sourceTree = "<group>"; };
		FC7452ED2305E49700436E62 /* Inter-Regular.ttf */ = {isa = PBXFileReference; lastKnownFileType = file; name = "Inter-Regular.ttf"; path = "../assets/fonts/Inter (TTF)/Inter-Regular.ttf"; sourceTree = "<group>"; };
		FC7452EE2305E49700436E62 /* Inter-ExtraBold.ttf */ = {isa = PBXFileReference; lastKnownFileType = file; name = "Inter-ExtraBold.ttf"; path = "../assets/fonts/Inter (TTF)/Inter-ExtraBold.ttf"; sourceTree = "<group>"; };
		FC7452EF2305E49700436E62 /* Inter-Bold.ttf */ = {isa = PBXFileReference; lastKnownFileType = file; name = "Inter-Bold.ttf"; path = "../assets/fonts/Inter (TTF)/Inter-Bold.ttf"; sourceTree = "<group>"; };
		FC7452F02305E49700436E62 /* Inter-ExtraLight-BETA.ttf */ = {isa = PBXFileReference; lastKnownFileType = file; name = "Inter-ExtraLight-BETA.ttf"; path = "../assets/fonts/Inter (TTF)/Inter-ExtraLight-BETA.ttf"; sourceTree = "<group>"; };
		FC7452F12305E49700436E62 /* Inter-SemiBold.ttf */ = {isa = PBXFileReference; lastKnownFileType = file; name = "Inter-SemiBold.ttf"; path = "../assets/fonts/Inter (TTF)/Inter-SemiBold.ttf"; sourceTree = "<group>"; };
		FC7452F22305E49700436E62 /* Inter-Black.ttf */ = {isa = PBXFileReference; lastKnownFileType = file; name = "Inter-Black.ttf"; path = "../assets/fonts/Inter (TTF)/Inter-Black.ttf"; sourceTree = "<group>"; };
		FC74777A232D505000D3447C /* onboarding.mov */ = {isa = PBXFileReference; lastKnownFileType = video.quicktime; path = onboarding.mov; sourceTree = "<group>"; };
		FCC9E86F2324533E00441517 /* BOCA LogoType@3x.png */ = {isa = PBXFileReference; lastKnownFileType = image.png; name = "BOCA LogoType@3x.png"; path = "../../assets/appstore/BOCA LogoType@3x.png"; sourceTree = "<group>"; };
		FCD64AE523333EF600E9112F /* GoogleService-Info.plist */ = {isa = PBXFileReference; fileEncoding = 4; lastKnownFileType = text.plist.xml; path = "GoogleService-Info.plist"; sourceTree = "<group>"; };
		FCE9B045231897E0008A8407 /* High Street LogoType Black@3x.png */ = {isa = PBXFileReference; lastKnownFileType = image.png; name = "High Street LogoType Black@3x.png"; path = "../../assets/appstore/High Street LogoType Black@3x.png"; sourceTree = "<group>"; };
/* End PBXFileReference section */

/* Begin PBXFrameworksBuildPhase section */
		13B07F8C1A680F5B00A75B9A /* Frameworks */ = {
			isa = PBXFrameworksBuildPhase;
			buildActionMask = 2147483647;
			files = (
				FC05260C232065550045C2F3 /* SystemConfiguration.framework in Frameworks */,
				FC05260A2320653A0045C2F3 /* libc++.tbd in Frameworks */,
				FC052608232065320045C2F3 /* libsqlite3.tbd in Frameworks */,
				FC980B0E2301CAB400CFBFD4 /* libHSReactNativeMedia.a in Frameworks */,
				FC6D734123011C3100D07CD0 /* libHSReactNativeCamera.a in Frameworks */,
				FC366D2E23008674002709A9 /* libRNBlur.a in Frameworks */,
				FC254DFF21CDB03800A9C901 /* libReactNativeNavigation.a in Frameworks */,
				FC0526052320646E0045C2F3 /* FIRAnalyticsConnector.framework in Frameworks */,
				ADBDB9381DFEBF1600ED6528 /* libRCTBlob.a in Frameworks */,
				11D1A2F320CAFA9E000508D9 /* libRCTAnimation.a in Frameworks */,
				FC0526032320646E0045C2F3 /* FirebaseInstanceID.framework in Frameworks */,
				FC0525FF2320646E0045C2F3 /* FirebaseCoreDiagnostics.framework in Frameworks */,
				146834051AC3E58100842450 /* libReact.a in Frameworks */,
				00C302E51ABCBA2D00DB3ED1 /* libRCTActionSheet.a in Frameworks */,
				FC0525FD2320646E0045C2F3 /* GoogleUtilities.framework in Frameworks */,
				00C302E71ABCBA2D00DB3ED1 /* libRCTGeolocation.a in Frameworks */,
				00C302E81ABCBA2D00DB3ED1 /* libRCTImage.a in Frameworks */,
				133E29F31AD74F7200F7D852 /* libRCTLinking.a in Frameworks */,
				00C302E91ABCBA2D00DB3ED1 /* libRCTNetwork.a in Frameworks */,
				FC0526062320646E0045C2F3 /* GoogleDataTransportCCTSupport.framework in Frameworks */,
				139105C61AF99C1200B5F7CC /* libRCTSettings.a in Frameworks */,
				832341BD1AAA6AB300B99B32 /* libRCTText.a in Frameworks */,
				00C302EA1ABCBA2D00DB3ED1 /* libRCTVibration.a in Frameworks */,
				139FDEF61B0652A700C62182 /* libRCTWebSocket.a in Frameworks */,
				FC0526002320646E0045C2F3 /* GoogleAppMeasurement.framework in Frameworks */,
				4F8355BBACD74452BF972DE7 /* libReactNativeConfig.a in Frameworks */,
				FC0526012320646E0045C2F3 /* FirebaseAnalytics.framework in Frameworks */,
				FC3F46322337CC7F004B7817 /* StoreKit.framework in Frameworks */,
				85BB55A0FE2D4A619258098E /* libHSAnimatedUI.a in Frameworks */,
				FC0526022320646E0045C2F3 /* nanopb.framework in Frameworks */,
				6162BF639C454225B3292EA3 /* libRNSVG.a in Frameworks */,
				7F6FAEAC8FD64ACF9028F3B2 /* libBVLinearGradient.a in Frameworks */,
				D2916D4F22BE4D1BA101BDCC /* libRNSafeArea.a in Frameworks */,
				B1847AA7D7EB4825AA88FBEE /* libRNGestureHandler.a in Frameworks */,
				FC0526042320646E0045C2F3 /* FirebaseCore.framework in Frameworks */,
				FC0525FE2320646E0045C2F3 /* GoogleDataTransport.framework in Frameworks */,
				F7037509C6D04BBDA72E4433 /* libReactNativeHaptic.a in Frameworks */,
				A6417FFB7A4F4F8F8DA73305 /* libSplashScreen.a in Frameworks */,
				31B05688E6B94E0491DF689C /* libRNSentry.a in Frameworks */,
				16DF9DF0567349B99CB18D2B /* libz.tbd in Frameworks */,
			);
			runOnlyForDeploymentPostprocessing = 0;
		};
/* End PBXFrameworksBuildPhase section */

/* Begin PBXGroup section */
		00C302A81ABCB8CE00DB3ED1 /* Products */ = {
			isa = PBXGroup;
			children = (
				00C302AC1ABCB8CE00DB3ED1 /* libRCTActionSheet.a */,
			);
			name = Products;
			sourceTree = "<group>";
		};
		00C302B61ABCB90400DB3ED1 /* Products */ = {
			isa = PBXGroup;
			children = (
				00C302BA1ABCB90400DB3ED1 /* libRCTGeolocation.a */,
			);
			name = Products;
			sourceTree = "<group>";
		};
		00C302BC1ABCB91800DB3ED1 /* Products */ = {
			isa = PBXGroup;
			children = (
				00C302C01ABCB91800DB3ED1 /* libRCTImage.a */,
				3DAD3E841DF850E9000B6D8A /* libRCTImage-tvOS.a */,
			);
			name = Products;
			sourceTree = "<group>";
		};
		00C302D41ABCB9D200DB3ED1 /* Products */ = {
			isa = PBXGroup;
			children = (
				00C302DC1ABCB9D200DB3ED1 /* libRCTNetwork.a */,
				3DAD3E8C1DF850E9000B6D8A /* libRCTNetwork-tvOS.a */,
			);
			name = Products;
			sourceTree = "<group>";
		};
		00C302E01ABCB9EE00DB3ED1 /* Products */ = {
			isa = PBXGroup;
			children = (
				00C302E41ABCB9EE00DB3ED1 /* libRCTVibration.a */,
			);
			name = Products;
			sourceTree = "<group>";
		};
		00E356EF1AD99517003FC87E /* BombastTests */ = {
			isa = PBXGroup;
			children = (
				00E356F21AD99517003FC87E /* BombastTests.m */,
				00E356F01AD99517003FC87E /* Supporting Files */,
			);
			path = BombastTests;
			sourceTree = "<group>";
		};
		00E356F01AD99517003FC87E /* Supporting Files */ = {
			isa = PBXGroup;
			children = (
				00E356F11AD99517003FC87E /* Info.plist */,
			);
			name = "Supporting Files";
			sourceTree = "<group>";
		};
		139105B71AF99BAD00B5F7CC /* Products */ = {
			isa = PBXGroup;
			children = (
				139105C11AF99BAD00B5F7CC /* libRCTSettings.a */,
				3DAD3E901DF850E9000B6D8A /* libRCTSettings-tvOS.a */,
			);
			name = Products;
			sourceTree = "<group>";
		};
		139FDEE71B06529A00C62182 /* Products */ = {
			isa = PBXGroup;
			children = (
				139FDEF41B06529B00C62182 /* libRCTWebSocket.a */,
				3DAD3E991DF850E9000B6D8A /* libRCTWebSocket-tvOS.a */,
				2D16E6841FA4F8DC00B85C8A /* libfishhook.a */,
				2D16E6861FA4F8DC00B85C8A /* libfishhook-tvOS.a */,
			);
			name = Products;
			sourceTree = "<group>";
		};
		13B07FAE1A68108700A75B9A /* Boca */ = {
			isa = PBXGroup;
			children = (
				FCD64AE523333EF600E9112F /* GoogleService-Info.plist */,
				FC74777A232D505000D3447C /* onboarding.mov */,
				FC419C812316E61200A5FA08 /* launchScreenAssets */,
				FC6EA7D921CEA457007C3B3E /* fonts */,
				008F07F21AC5B25A0029DE68 /* main.jsbundle */,
				13B07FAF1A68108700A75B9A /* AppDelegate.h */,
				13B07FB01A68108700A75B9A /* AppDelegate.m */,
				13B07FB51A68108700A75B9A /* Images.xcassets */,
				13B07FB61A68108700A75B9A /* Info.plist */,
				13B07FB11A68108700A75B9A /* LaunchScreen.xib */,
				13B07FB71A68108700A75B9A /* main.m */,
				FC5BADCA22ECC3D10077855E /* Empty.swift */,
				FC5BADC922ECC3D00077855E /* Bombast-Bridging-Header.h */,
			);
			name = Boca;
			sourceTree = "<group>";
		};
		146834001AC3E56700842450 /* Products */ = {
			isa = PBXGroup;
			children = (
				146834041AC3E56700842450 /* libReact.a */,
				3DAD3EA31DF850E9000B6D8A /* libReact.a */,
				3DAD3EA51DF850E9000B6D8A /* libyoga.a */,
				3DAD3EA71DF850E9000B6D8A /* libyoga.a */,
				3DAD3EA91DF850E9000B6D8A /* libcxxreact.a */,
				3DAD3EAB1DF850E9000B6D8A /* libcxxreact.a */,
				3DAD3EAD1DF850E9000B6D8A /* libjschelpers.a */,
				3DAD3EAF1DF850E9000B6D8A /* libjschelpers.a */,
				2DF0FFDF2056DD460020B375 /* libjsinspector.a */,
				2DF0FFE12056DD460020B375 /* libjsinspector-tvOS.a */,
				2DF0FFE32056DD460020B375 /* libthird-party.a */,
				2DF0FFE52056DD460020B375 /* libthird-party.a */,
				2DF0FFE72056DD460020B375 /* libdouble-conversion.a */,
				2DF0FFE92056DD460020B375 /* libdouble-conversion.a */,
				2DF0FFEB2056DD460020B375 /* libprivatedata.a */,
				2DF0FFED2056DD460020B375 /* libprivatedata-tvOS.a */,
			);
			name = Products;
			sourceTree = "<group>";
		};
		2D16E6871FA4F8E400B85C8A /* Frameworks */ = {
			isa = PBXGroup;
			children = (
				FC3F46312337CC7F004B7817 /* StoreKit.framework */,
				FC05260B232065550045C2F3 /* SystemConfiguration.framework */,
				FC0526092320653A0045C2F3 /* libc++.tbd */,
				FC052607232065320045C2F3 /* libsqlite3.tbd */,
				FC0525FB2320646E0045C2F3 /* FIRAnalyticsConnector.framework */,
				FC0525F72320646E0045C2F3 /* FirebaseAnalytics.framework */,
				FC0525FA2320646E0045C2F3 /* FirebaseCore.framework */,
				FC0525F52320646E0045C2F3 /* FirebaseCoreDiagnostics.framework */,
				FC0525F92320646E0045C2F3 /* FirebaseInstanceID.framework */,
				FC0525F62320646E0045C2F3 /* GoogleAppMeasurement.framework */,
				FC0525F42320646E0045C2F3 /* GoogleDataTransport.framework */,
				FC0525FC2320646E0045C2F3 /* GoogleDataTransportCCTSupport.framework */,
				FC0525F32320646E0045C2F3 /* GoogleUtilities.framework */,
				FC0525F82320646E0045C2F3 /* nanopb.framework */,
				2D16E6891FA4F8E400B85C8A /* libReact.a */,
				5424CEBFC30D4DABB9808729 /* libz.tbd */,
			);
			name = Frameworks;
			sourceTree = "<group>";
		};
		5E91572E1DD0AC6500FF2AA8 /* Products */ = {
			isa = PBXGroup;
			children = (
				5E9157331DD0AC6500FF2AA8 /* libRCTAnimation.a */,
				5E9157351DD0AC6500FF2AA8 /* libRCTAnimation.a */,
			);
			name = Products;
			sourceTree = "<group>";
		};
		78C398B11ACF4ADC00677621 /* Products */ = {
			isa = PBXGroup;
			children = (
				78C398B91ACF4ADC00677621 /* libRCTLinking.a */,
				3DAD3E881DF850E9000B6D8A /* libRCTLinking-tvOS.a */,
			);
			name = Products;
			sourceTree = "<group>";
		};
		832341AE1AAA6A7D00B99B32 /* Libraries */ = {
			isa = PBXGroup;
			children = (
				FC5BAE1022EE11DF0077855E /* HSCameraUtils.xcodeproj */,
				5E91572D1DD0AC6500FF2AA8 /* RCTAnimation.xcodeproj */,
				146833FF1AC3E56700842450 /* React.xcodeproj */,
				00C302A71ABCB8CE00DB3ED1 /* RCTActionSheet.xcodeproj */,
				ADBDB91F1DFEBF0600ED6528 /* RCTBlob.xcodeproj */,
				00C302B51ABCB90400DB3ED1 /* RCTGeolocation.xcodeproj */,
				00C302BB1ABCB91800DB3ED1 /* RCTImage.xcodeproj */,
				78C398B01ACF4ADC00677621 /* RCTLinking.xcodeproj */,
				00C302D31ABCB9D200DB3ED1 /* RCTNetwork.xcodeproj */,
				139105B61AF99BAD00B5F7CC /* RCTSettings.xcodeproj */,
				832341B01AAA6A8300B99B32 /* RCTText.xcodeproj */,
				00C302DF1ABCB9EE00DB3ED1 /* RCTVibration.xcodeproj */,
				139FDEE61B06529A00C62182 /* RCTWebSocket.xcodeproj */,
				D1A322132CEB40238AD3A6FC /* ReactNativeNavigation.xcodeproj */,
				EDF9D805004747F996337EDF /* ReactNativeConfig.xcodeproj */,
				AA5E4B57AB6846A1841EA16E /* HSReactNativeMedia.xcodeproj */,
				AA86142A1C7E44C5935048E9 /* HSAnimatedUI.xcodeproj */,
				A1C7874AC0B84A41956EE877 /* RNBlur.xcodeproj */,
				11BC89623304422BA45F228B /* RNSVG.xcodeproj */,
				B6A30EE290B04007B3E617EB /* BVLinearGradient.xcodeproj */,
				C3B89F93805948A9ABA5AA0B /* HSReactNativeCamera.xcodeproj */,
				A806432AF2FC47919DEF0E22 /* RNSafeArea.xcodeproj */,
				89932B26F15345A292AF4B96 /* RNGestureHandler.xcodeproj */,
				A93F14D230704F4085648775 /* ReactNativeHaptic.xcodeproj */,
				51268D1B7C5B495C97E9CB0D /* SplashScreen.xcodeproj */,
				F6B9DF43C9D6409C83FA8384 /* RNSentry.xcodeproj */,
			);
			name = Libraries;
			sourceTree = "<group>";
		};
		832341B11AAA6A8300B99B32 /* Products */ = {
			isa = PBXGroup;
			children = (
				832341B51AAA6A8300B99B32 /* libRCTText.a */,
				3DAD3E941DF850E9000B6D8A /* libRCTText-tvOS.a */,
			);
			name = Products;
			sourceTree = "<group>";
		};
		83CBB9F61A601CBA00E9B192 = {
			isa = PBXGroup;
			children = (
				13B07FAE1A68108700A75B9A /* Boca */,
				832341AE1AAA6A7D00B99B32 /* Libraries */,
				00E356EF1AD99517003FC87E /* BombastTests */,
				83CBBA001A601CBA00E9B192 /* Products */,
				2D16E6871FA4F8E400B85C8A /* Frameworks */,
				FC54605921CDAB6600A46BB1 /* Recovered References */,
			);
			indentWidth = 2;
			sourceTree = "<group>";
			tabWidth = 2;
			usesTabs = 0;
		};
		83CBBA001A601CBA00E9B192 /* Products */ = {
			isa = PBXGroup;
			children = (
				13B07F961A680F5B00A75B9A /* Boca.app */,
			);
			name = Products;
			sourceTree = "<group>";
		};
		ADBDB9201DFEBF0600ED6528 /* Products */ = {
			isa = PBXGroup;
			children = (
				ADBDB9271DFEBF0700ED6528 /* libRCTBlob.a */,
				2D16E6721FA4F8DC00B85C8A /* libRCTBlob-tvOS.a */,
			);
			name = Products;
			sourceTree = "<group>";
		};
		FC07FCC622F3FCC300CB1E2C /* Products */ = {
			isa = PBXGroup;
			children = (
				FC07FCCB22F3FCC400CB1E2C /* libRNSVG.a */,
				FC07FCCD22F3FCC400CB1E2C /* libRNSVG-tvOS.a */,
			);
			name = Products;
			sourceTree = "<group>";
		};
		FC07FD1522F49F8C00CB1E2C /* Products */ = {
			isa = PBXGroup;
			children = (
				FC07FD1A22F49F8D00CB1E2C /* libBVLinearGradient.a */,
				FC07FD1C22F49F8D00CB1E2C /* libBVLinearGradient.a */,
			);
			name = Products;
			sourceTree = "<group>";
		};
		FC419C812316E61200A5FA08 /* launchScreenAssets */ = {
			isa = PBXGroup;
			children = (
				FCE9B045231897E0008A8407 /* High Street LogoType Black@3x.png */,
				FCC9E86F2324533E00441517 /* BOCA LogoType@3x.png */,
			);
			path = launchScreenAssets;
			sourceTree = "<group>";
		};
		FC54605921CDAB6600A46BB1 /* Recovered References */ = {
			isa = PBXGroup;
			children = (
				BD50A92D35494C8A876C6C03 /* libReactNativeNavigation.a */,
				5AC3AC84D4E24EDA91E08877 /* ReactNativeNavigationTests.xctest */,
				A22375545D454A2599361EEB /* libReactNativeConfig.a */,
				C58E7DD208D94D92847F0B1B /* libReactNativeConfig-tvOS.a */,
				3238105B577147C59D3EDB5F /* libHSReactNativeCamera.a */,
				B5DB943A4E9F44E6BE1F603D /* libHSReactNativeMedia.a */,
				BFEB39AE8F984633A0CF9F6D /* libHSAnimatedUI.a */,
				265AC1ED3D1E41B2A6D0A308 /* libRNBlur.a */,
				30628CDE7DC846A981EE0F0D /* libRNSVG.a */,
				8B303F65E6CA4EE7B72368C8 /* libBVLinearGradient.a */,
				CD2877BF4B4940C9B684C389 /* libRNSafeArea.a */,
				79FC96B9A5734E1BA3A263CD /* libRNGestureHandler.a */,
				1C4AA6EDF3AB491081D2973D /* libReactNativeHaptic.a */,
				43A17965807A40CB9AD41F0C /* libSplashScreen.a */,
				17D5081A9E144C26BA21D83A /* libRNSentry.a */,
			);
			name = "Recovered References";
			sourceTree = "<group>";
		};
		FC5BAE0B22ECC4750077855E /* Products */ = {
			isa = PBXGroup;
			children = (
				FC5BAE0F22ECC4750077855E /* libHSReactNativeMedia.a */,
			);
			name = Products;
			sourceTree = "<group>";
		};
		FC5BAE1122EE11DF0077855E /* Products */ = {
			isa = PBXGroup;
			children = (
				FC5BAE1522EE11DF0077855E /* libHSCameraUtils.a */,
			);
			name = Products;
			sourceTree = "<group>";
		};
		FC6EA7D921CEA457007C3B3E /* fonts */ = {
			isa = PBXGroup;
			children = (
				FC6EA7AC21CEA44D007C3B3E /* PassionOne-Regular.ttf */,
				FC7452F22305E49700436E62 /* Inter-Black.ttf */,
				FC7452EF2305E49700436E62 /* Inter-Bold.ttf */,
				FC7452EE2305E49700436E62 /* Inter-ExtraBold.ttf */,
				FC7452F02305E49700436E62 /* Inter-ExtraLight-BETA.ttf */,
				FC7452EC2305E49700436E62 /* Inter-Medium.ttf */,
				FC7452ED2305E49700436E62 /* Inter-Regular.ttf */,
				FC7452F12305E49700436E62 /* Inter-SemiBold.ttf */,
				FC6EA7D421CEA44D007C3B3E /* PT_Sans-Web-Bold.ttf */,
				FC6EA7D521CEA44D007C3B3E /* PT_Sans-Web-Regular.ttf */,
			);
			name = fonts;
			sourceTree = "<group>";
		};
		FC7452902303D1EE00436E62 /* Products */ = {
			isa = PBXGroup;
			children = (
				FC7452952303D1EF00436E62 /* libRNGestureHandler.a */,
				FC7452972303D1EF00436E62 /* libRNGestureHandler-tvOS.a */,
			);
			name = Products;
			sourceTree = "<group>";
		};
		FC7452E72305DAF300436E62 /* Products */ = {
			isa = PBXGroup;
			children = (
				FC7452EB2305DAF300436E62 /* libReactNativeHaptic.a */,
			);
			name = Products;
			sourceTree = "<group>";
		};
		FC7540FC22AAE8D400F10CE4 /* Products */ = {
			isa = PBXGroup;
			children = (
				FC75410122AAE8D400F10CE4 /* libReactNativeConfig.a */,
				FC75410322AAE8D400F10CE4 /* libReactNativeConfig-tvOS.a */,
			);
			name = Products;
			sourceTree = "<group>";
		};
		FC7AF72A23032ED900506DE1 /* Products */ = {
			isa = PBXGroup;
			children = (
				FC7AF72E23032EDA00506DE1 /* libRNSafeArea.a */,
			);
			name = Products;
			sourceTree = "<group>";
		};
		FC983DD021CDAF6800063476 /* Products */ = {
			isa = PBXGroup;
			children = (
				FC983DD521CDAF6800063476 /* libReactNativeNavigation.a */,
				FC983DD721CDAF6800063476 /* ReactNativeNavigationTests.xctest */,
			);
			name = Products;
			sourceTree = "<group>";
		};
		FCC9E7DE2324499E00441517 /* Products */ = {
			isa = PBXGroup;
			children = (
				FCC9E7E32324499E00441517 /* libRNSentry.a */,
				FCC9E7E52324499E00441517 /* libRNSentry-tvOS.a */,
			);
			name = Products;
			sourceTree = "<group>";
		};
		FCCA731622F4B6FB00163C4E /* Products */ = {
			isa = PBXGroup;
			children = (
				FCCA731E22F4B6FB00163C4E /* libHSReactNativeCamera.a */,
			);
			name = Products;
			sourceTree = "<group>";
		};
		FCDFF00323147BD3006D7255 /* Products */ = {
			isa = PBXGroup;
			children = (
				FCDFF00723147BD3006D7255 /* libSplashScreen.a */,
			);
			name = Products;
			sourceTree = "<group>";
		};
		FCE4718F22F3B09A004F4A4C /* Products */ = {
			isa = PBXGroup;
			children = (
				FCE4719322F3B09A004F4A4C /* libHSAnimatedUI.a */,
			);
			name = Products;
			sourceTree = "<group>";
		};
		FCE471D322F3B430004F4A4C /* Products */ = {
			isa = PBXGroup;
			children = (
				FCE471D822F3B431004F4A4C /* libRNBlur.a */,
				FCE471DA22F3B431004F4A4C /* libRNBlur.a */,
			);
			name = Products;
			sourceTree = "<group>";
		};
/* End PBXGroup section */

/* Begin PBXNativeTarget section */
		13B07F861A680F5B00A75B9A /* Boca */ = {
			isa = PBXNativeTarget;
			buildConfigurationList = 13B07F931A680F5B00A75B9A /* Build configuration list for PBXNativeTarget "Boca" */;
			buildPhases = (
				13B07F871A680F5B00A75B9A /* Sources */,
				13B07F8C1A680F5B00A75B9A /* Frameworks */,
				13B07F8E1A680F5B00A75B9A /* Resources */,
				00DD1BFF1BD5951E006B06BC /* Bundle React Native code and images */,
				FC0525D8232063670045C2F3 /* Embed Frameworks */,
				D4F5C5EE76EB4BA28AA84176 /* Upload Debug Symbols to Sentry */,
			);
			buildRules = (
			);
			dependencies = (
			);
			name = Boca;
			productName = "Hello World";
			productReference = 13B07F961A680F5B00A75B9A /* Boca.app */;
			productType = "com.apple.product-type.application";
		};
/* End PBXNativeTarget section */

/* Begin PBXProject section */
		83CBB9F71A601CBA00E9B192 /* Project object */ = {
			isa = PBXProject;
			attributes = {
				LastUpgradeCheck = 940;
				ORGANIZATIONNAME = Facebook;
				TargetAttributes = {
					13B07F861A680F5B00A75B9A = {
						DevelopmentTeam = 6DUV3UU8M8;
						LastSwiftMigration = 1020;
						SystemCapabilities = {
							com.apple.InAppPurchase = {
								enabled = 1;
							};
						};
					};
				};
			};
			buildConfigurationList = 83CBB9FA1A601CBA00E9B192 /* Build configuration list for PBXProject "Boca" */;
			compatibilityVersion = "Xcode 3.2";
			developmentRegion = English;
			hasScannedForEncodings = 0;
			knownRegions = (
				English,
				en,
				Base,
			);
			mainGroup = 83CBB9F61A601CBA00E9B192;
			productRefGroup = 83CBBA001A601CBA00E9B192 /* Products */;
			projectDirPath = "";
			projectReferences = (
				{
					ProductGroup = FC07FD1522F49F8C00CB1E2C /* Products */;
					ProjectRef = B6A30EE290B04007B3E617EB /* BVLinearGradient.xcodeproj */;
				},
				{
					ProductGroup = FCE4718F22F3B09A004F4A4C /* Products */;
					ProjectRef = AA86142A1C7E44C5935048E9 /* HSAnimatedUI.xcodeproj */;
				},
				{
					ProductGroup = FC5BAE1122EE11DF0077855E /* Products */;
					ProjectRef = FC5BAE1022EE11DF0077855E /* HSCameraUtils.xcodeproj */;
				},
				{
					ProductGroup = FCCA731622F4B6FB00163C4E /* Products */;
					ProjectRef = C3B89F93805948A9ABA5AA0B /* HSReactNativeCamera.xcodeproj */;
				},
				{
					ProductGroup = FC5BAE0B22ECC4750077855E /* Products */;
					ProjectRef = AA5E4B57AB6846A1841EA16E /* HSReactNativeMedia.xcodeproj */;
				},
				{
					ProductGroup = 00C302A81ABCB8CE00DB3ED1 /* Products */;
					ProjectRef = 00C302A71ABCB8CE00DB3ED1 /* RCTActionSheet.xcodeproj */;
				},
				{
					ProductGroup = 5E91572E1DD0AC6500FF2AA8 /* Products */;
					ProjectRef = 5E91572D1DD0AC6500FF2AA8 /* RCTAnimation.xcodeproj */;
				},
				{
					ProductGroup = ADBDB9201DFEBF0600ED6528 /* Products */;
					ProjectRef = ADBDB91F1DFEBF0600ED6528 /* RCTBlob.xcodeproj */;
				},
				{
					ProductGroup = 00C302B61ABCB90400DB3ED1 /* Products */;
					ProjectRef = 00C302B51ABCB90400DB3ED1 /* RCTGeolocation.xcodeproj */;
				},
				{
					ProductGroup = 00C302BC1ABCB91800DB3ED1 /* Products */;
					ProjectRef = 00C302BB1ABCB91800DB3ED1 /* RCTImage.xcodeproj */;
				},
				{
					ProductGroup = 78C398B11ACF4ADC00677621 /* Products */;
					ProjectRef = 78C398B01ACF4ADC00677621 /* RCTLinking.xcodeproj */;
				},
				{
					ProductGroup = 00C302D41ABCB9D200DB3ED1 /* Products */;
					ProjectRef = 00C302D31ABCB9D200DB3ED1 /* RCTNetwork.xcodeproj */;
				},
				{
					ProductGroup = 139105B71AF99BAD00B5F7CC /* Products */;
					ProjectRef = 139105B61AF99BAD00B5F7CC /* RCTSettings.xcodeproj */;
				},
				{
					ProductGroup = 832341B11AAA6A8300B99B32 /* Products */;
					ProjectRef = 832341B01AAA6A8300B99B32 /* RCTText.xcodeproj */;
				},
				{
					ProductGroup = 00C302E01ABCB9EE00DB3ED1 /* Products */;
					ProjectRef = 00C302DF1ABCB9EE00DB3ED1 /* RCTVibration.xcodeproj */;
				},
				{
					ProductGroup = 139FDEE71B06529A00C62182 /* Products */;
					ProjectRef = 139FDEE61B06529A00C62182 /* RCTWebSocket.xcodeproj */;
				},
				{
					ProductGroup = 146834001AC3E56700842450 /* Products */;
					ProjectRef = 146833FF1AC3E56700842450 /* React.xcodeproj */;
				},
				{
					ProductGroup = FC7540FC22AAE8D400F10CE4 /* Products */;
					ProjectRef = EDF9D805004747F996337EDF /* ReactNativeConfig.xcodeproj */;
				},
				{
					ProductGroup = FC7452E72305DAF300436E62 /* Products */;
					ProjectRef = A93F14D230704F4085648775 /* ReactNativeHaptic.xcodeproj */;
				},
				{
					ProductGroup = FC983DD021CDAF6800063476 /* Products */;
					ProjectRef = D1A322132CEB40238AD3A6FC /* ReactNativeNavigation.xcodeproj */;
				},
				{
					ProductGroup = FCE471D322F3B430004F4A4C /* Products */;
					ProjectRef = A1C7874AC0B84A41956EE877 /* RNBlur.xcodeproj */;
				},
				{
					ProductGroup = FC7452902303D1EE00436E62 /* Products */;
					ProjectRef = 89932B26F15345A292AF4B96 /* RNGestureHandler.xcodeproj */;
				},
				{
					ProductGroup = FC7AF72A23032ED900506DE1 /* Products */;
					ProjectRef = A806432AF2FC47919DEF0E22 /* RNSafeArea.xcodeproj */;
				},
				{
					ProductGroup = FCC9E7DE2324499E00441517 /* Products */;
					ProjectRef = F6B9DF43C9D6409C83FA8384 /* RNSentry.xcodeproj */;
				},
				{
					ProductGroup = FC07FCC622F3FCC300CB1E2C /* Products */;
					ProjectRef = 11BC89623304422BA45F228B /* RNSVG.xcodeproj */;
				},
				{
					ProductGroup = FCDFF00323147BD3006D7255 /* Products */;
					ProjectRef = 51268D1B7C5B495C97E9CB0D /* SplashScreen.xcodeproj */;
				},
			);
			projectRoot = "";
			targets = (
				13B07F861A680F5B00A75B9A /* Boca */,
			);
		};
/* End PBXProject section */

/* Begin PBXReferenceProxy section */
		00C302AC1ABCB8CE00DB3ED1 /* libRCTActionSheet.a */ = {
			isa = PBXReferenceProxy;
			fileType = archive.ar;
			path = libRCTActionSheet.a;
			remoteRef = 00C302AB1ABCB8CE00DB3ED1 /* PBXContainerItemProxy */;
			sourceTree = BUILT_PRODUCTS_DIR;
		};
		00C302BA1ABCB90400DB3ED1 /* libRCTGeolocation.a */ = {
			isa = PBXReferenceProxy;
			fileType = archive.ar;
			path = libRCTGeolocation.a;
			remoteRef = 00C302B91ABCB90400DB3ED1 /* PBXContainerItemProxy */;
			sourceTree = BUILT_PRODUCTS_DIR;
		};
		00C302C01ABCB91800DB3ED1 /* libRCTImage.a */ = {
			isa = PBXReferenceProxy;
			fileType = archive.ar;
			path = libRCTImage.a;
			remoteRef = 00C302BF1ABCB91800DB3ED1 /* PBXContainerItemProxy */;
			sourceTree = BUILT_PRODUCTS_DIR;
		};
		00C302DC1ABCB9D200DB3ED1 /* libRCTNetwork.a */ = {
			isa = PBXReferenceProxy;
			fileType = archive.ar;
			path = libRCTNetwork.a;
			remoteRef = 00C302DB1ABCB9D200DB3ED1 /* PBXContainerItemProxy */;
			sourceTree = BUILT_PRODUCTS_DIR;
		};
		00C302E41ABCB9EE00DB3ED1 /* libRCTVibration.a */ = {
			isa = PBXReferenceProxy;
			fileType = archive.ar;
			path = libRCTVibration.a;
			remoteRef = 00C302E31ABCB9EE00DB3ED1 /* PBXContainerItemProxy */;
			sourceTree = BUILT_PRODUCTS_DIR;
		};
		139105C11AF99BAD00B5F7CC /* libRCTSettings.a */ = {
			isa = PBXReferenceProxy;
			fileType = archive.ar;
			path = libRCTSettings.a;
			remoteRef = 139105C01AF99BAD00B5F7CC /* PBXContainerItemProxy */;
			sourceTree = BUILT_PRODUCTS_DIR;
		};
		139FDEF41B06529B00C62182 /* libRCTWebSocket.a */ = {
			isa = PBXReferenceProxy;
			fileType = archive.ar;
			path = libRCTWebSocket.a;
			remoteRef = 139FDEF31B06529B00C62182 /* PBXContainerItemProxy */;
			sourceTree = BUILT_PRODUCTS_DIR;
		};
		146834041AC3E56700842450 /* libReact.a */ = {
			isa = PBXReferenceProxy;
			fileType = archive.ar;
			path = libReact.a;
			remoteRef = 146834031AC3E56700842450 /* PBXContainerItemProxy */;
			sourceTree = BUILT_PRODUCTS_DIR;
		};
		2D16E6721FA4F8DC00B85C8A /* libRCTBlob-tvOS.a */ = {
			isa = PBXReferenceProxy;
			fileType = archive.ar;
			path = "libRCTBlob-tvOS.a";
			remoteRef = 2D16E6711FA4F8DC00B85C8A /* PBXContainerItemProxy */;
			sourceTree = BUILT_PRODUCTS_DIR;
		};
		2D16E6841FA4F8DC00B85C8A /* libfishhook.a */ = {
			isa = PBXReferenceProxy;
			fileType = archive.ar;
			path = libfishhook.a;
			remoteRef = 2D16E6831FA4F8DC00B85C8A /* PBXContainerItemProxy */;
			sourceTree = BUILT_PRODUCTS_DIR;
		};
		2D16E6861FA4F8DC00B85C8A /* libfishhook-tvOS.a */ = {
			isa = PBXReferenceProxy;
			fileType = archive.ar;
			path = "libfishhook-tvOS.a";
			remoteRef = 2D16E6851FA4F8DC00B85C8A /* PBXContainerItemProxy */;
			sourceTree = BUILT_PRODUCTS_DIR;
		};
		2DF0FFDF2056DD460020B375 /* libjsinspector.a */ = {
			isa = PBXReferenceProxy;
			fileType = archive.ar;
			path = libjsinspector.a;
			remoteRef = 2DF0FFDE2056DD460020B375 /* PBXContainerItemProxy */;
			sourceTree = BUILT_PRODUCTS_DIR;
		};
		2DF0FFE12056DD460020B375 /* libjsinspector-tvOS.a */ = {
			isa = PBXReferenceProxy;
			fileType = archive.ar;
			path = "libjsinspector-tvOS.a";
			remoteRef = 2DF0FFE02056DD460020B375 /* PBXContainerItemProxy */;
			sourceTree = BUILT_PRODUCTS_DIR;
		};
		2DF0FFE32056DD460020B375 /* libthird-party.a */ = {
			isa = PBXReferenceProxy;
			fileType = archive.ar;
			path = "libthird-party.a";
			remoteRef = 2DF0FFE22056DD460020B375 /* PBXContainerItemProxy */;
			sourceTree = BUILT_PRODUCTS_DIR;
		};
		2DF0FFE52056DD460020B375 /* libthird-party.a */ = {
			isa = PBXReferenceProxy;
			fileType = archive.ar;
			path = "libthird-party.a";
			remoteRef = 2DF0FFE42056DD460020B375 /* PBXContainerItemProxy */;
			sourceTree = BUILT_PRODUCTS_DIR;
		};
		2DF0FFE72056DD460020B375 /* libdouble-conversion.a */ = {
			isa = PBXReferenceProxy;
			fileType = archive.ar;
			path = "libdouble-conversion.a";
			remoteRef = 2DF0FFE62056DD460020B375 /* PBXContainerItemProxy */;
			sourceTree = BUILT_PRODUCTS_DIR;
		};
		2DF0FFE92056DD460020B375 /* libdouble-conversion.a */ = {
			isa = PBXReferenceProxy;
			fileType = archive.ar;
			path = "libdouble-conversion.a";
			remoteRef = 2DF0FFE82056DD460020B375 /* PBXContainerItemProxy */;
			sourceTree = BUILT_PRODUCTS_DIR;
		};
		2DF0FFEB2056DD460020B375 /* libprivatedata.a */ = {
			isa = PBXReferenceProxy;
			fileType = archive.ar;
			path = libprivatedata.a;
			remoteRef = 2DF0FFEA2056DD460020B375 /* PBXContainerItemProxy */;
			sourceTree = BUILT_PRODUCTS_DIR;
		};
		2DF0FFED2056DD460020B375 /* libprivatedata-tvOS.a */ = {
			isa = PBXReferenceProxy;
			fileType = archive.ar;
			path = "libprivatedata-tvOS.a";
			remoteRef = 2DF0FFEC2056DD460020B375 /* PBXContainerItemProxy */;
			sourceTree = BUILT_PRODUCTS_DIR;
		};
		3DAD3E841DF850E9000B6D8A /* libRCTImage-tvOS.a */ = {
			isa = PBXReferenceProxy;
			fileType = archive.ar;
			path = "libRCTImage-tvOS.a";
			remoteRef = 3DAD3E831DF850E9000B6D8A /* PBXContainerItemProxy */;
			sourceTree = BUILT_PRODUCTS_DIR;
		};
		3DAD3E881DF850E9000B6D8A /* libRCTLinking-tvOS.a */ = {
			isa = PBXReferenceProxy;
			fileType = archive.ar;
			path = "libRCTLinking-tvOS.a";
			remoteRef = 3DAD3E871DF850E9000B6D8A /* PBXContainerItemProxy */;
			sourceTree = BUILT_PRODUCTS_DIR;
		};
		3DAD3E8C1DF850E9000B6D8A /* libRCTNetwork-tvOS.a */ = {
			isa = PBXReferenceProxy;
			fileType = archive.ar;
			path = "libRCTNetwork-tvOS.a";
			remoteRef = 3DAD3E8B1DF850E9000B6D8A /* PBXContainerItemProxy */;
			sourceTree = BUILT_PRODUCTS_DIR;
		};
		3DAD3E901DF850E9000B6D8A /* libRCTSettings-tvOS.a */ = {
			isa = PBXReferenceProxy;
			fileType = archive.ar;
			path = "libRCTSettings-tvOS.a";
			remoteRef = 3DAD3E8F1DF850E9000B6D8A /* PBXContainerItemProxy */;
			sourceTree = BUILT_PRODUCTS_DIR;
		};
		3DAD3E941DF850E9000B6D8A /* libRCTText-tvOS.a */ = {
			isa = PBXReferenceProxy;
			fileType = archive.ar;
			path = "libRCTText-tvOS.a";
			remoteRef = 3DAD3E931DF850E9000B6D8A /* PBXContainerItemProxy */;
			sourceTree = BUILT_PRODUCTS_DIR;
		};
		3DAD3E991DF850E9000B6D8A /* libRCTWebSocket-tvOS.a */ = {
			isa = PBXReferenceProxy;
			fileType = archive.ar;
			path = "libRCTWebSocket-tvOS.a";
			remoteRef = 3DAD3E981DF850E9000B6D8A /* PBXContainerItemProxy */;
			sourceTree = BUILT_PRODUCTS_DIR;
		};
		3DAD3EA31DF850E9000B6D8A /* libReact.a */ = {
			isa = PBXReferenceProxy;
			fileType = archive.ar;
			path = libReact.a;
			remoteRef = 3DAD3EA21DF850E9000B6D8A /* PBXContainerItemProxy */;
			sourceTree = BUILT_PRODUCTS_DIR;
		};
		3DAD3EA51DF850E9000B6D8A /* libyoga.a */ = {
			isa = PBXReferenceProxy;
			fileType = archive.ar;
			path = libyoga.a;
			remoteRef = 3DAD3EA41DF850E9000B6D8A /* PBXContainerItemProxy */;
			sourceTree = BUILT_PRODUCTS_DIR;
		};
		3DAD3EA71DF850E9000B6D8A /* libyoga.a */ = {
			isa = PBXReferenceProxy;
			fileType = archive.ar;
			path = libyoga.a;
			remoteRef = 3DAD3EA61DF850E9000B6D8A /* PBXContainerItemProxy */;
			sourceTree = BUILT_PRODUCTS_DIR;
		};
		3DAD3EA91DF850E9000B6D8A /* libcxxreact.a */ = {
			isa = PBXReferenceProxy;
			fileType = archive.ar;
			path = libcxxreact.a;
			remoteRef = 3DAD3EA81DF850E9000B6D8A /* PBXContainerItemProxy */;
			sourceTree = BUILT_PRODUCTS_DIR;
		};
		3DAD3EAB1DF850E9000B6D8A /* libcxxreact.a */ = {
			isa = PBXReferenceProxy;
			fileType = archive.ar;
			path = libcxxreact.a;
			remoteRef = 3DAD3EAA1DF850E9000B6D8A /* PBXContainerItemProxy */;
			sourceTree = BUILT_PRODUCTS_DIR;
		};
		3DAD3EAD1DF850E9000B6D8A /* libjschelpers.a */ = {
			isa = PBXReferenceProxy;
			fileType = archive.ar;
			path = libjschelpers.a;
			remoteRef = 3DAD3EAC1DF850E9000B6D8A /* PBXContainerItemProxy */;
			sourceTree = BUILT_PRODUCTS_DIR;
		};
		3DAD3EAF1DF850E9000B6D8A /* libjschelpers.a */ = {
			isa = PBXReferenceProxy;
			fileType = archive.ar;
			path = libjschelpers.a;
			remoteRef = 3DAD3EAE1DF850E9000B6D8A /* PBXContainerItemProxy */;
			sourceTree = BUILT_PRODUCTS_DIR;
		};
		5E9157331DD0AC6500FF2AA8 /* libRCTAnimation.a */ = {
			isa = PBXReferenceProxy;
			fileType = archive.ar;
			path = libRCTAnimation.a;
			remoteRef = 5E9157321DD0AC6500FF2AA8 /* PBXContainerItemProxy */;
			sourceTree = BUILT_PRODUCTS_DIR;
		};
		5E9157351DD0AC6500FF2AA8 /* libRCTAnimation.a */ = {
			isa = PBXReferenceProxy;
			fileType = archive.ar;
			path = libRCTAnimation.a;
			remoteRef = 5E9157341DD0AC6500FF2AA8 /* PBXContainerItemProxy */;
			sourceTree = BUILT_PRODUCTS_DIR;
		};
		78C398B91ACF4ADC00677621 /* libRCTLinking.a */ = {
			isa = PBXReferenceProxy;
			fileType = archive.ar;
			path = libRCTLinking.a;
			remoteRef = 78C398B81ACF4ADC00677621 /* PBXContainerItemProxy */;
			sourceTree = BUILT_PRODUCTS_DIR;
		};
		832341B51AAA6A8300B99B32 /* libRCTText.a */ = {
			isa = PBXReferenceProxy;
			fileType = archive.ar;
			path = libRCTText.a;
			remoteRef = 832341B41AAA6A8300B99B32 /* PBXContainerItemProxy */;
			sourceTree = BUILT_PRODUCTS_DIR;
		};
		ADBDB9271DFEBF0700ED6528 /* libRCTBlob.a */ = {
			isa = PBXReferenceProxy;
			fileType = archive.ar;
			path = libRCTBlob.a;
			remoteRef = ADBDB9261DFEBF0700ED6528 /* PBXContainerItemProxy */;
			sourceTree = BUILT_PRODUCTS_DIR;
		};
		FC07FCCB22F3FCC400CB1E2C /* libRNSVG.a */ = {
			isa = PBXReferenceProxy;
			fileType = archive.ar;
			path = libRNSVG.a;
			remoteRef = FC07FCCA22F3FCC400CB1E2C /* PBXContainerItemProxy */;
			sourceTree = BUILT_PRODUCTS_DIR;
		};
		FC07FCCD22F3FCC400CB1E2C /* libRNSVG-tvOS.a */ = {
			isa = PBXReferenceProxy;
			fileType = archive.ar;
			path = "libRNSVG-tvOS.a";
			remoteRef = FC07FCCC22F3FCC400CB1E2C /* PBXContainerItemProxy */;
			sourceTree = BUILT_PRODUCTS_DIR;
		};
		FC07FD1A22F49F8D00CB1E2C /* libBVLinearGradient.a */ = {
			isa = PBXReferenceProxy;
			fileType = archive.ar;
			path = libBVLinearGradient.a;
			remoteRef = FC07FD1922F49F8D00CB1E2C /* PBXContainerItemProxy */;
			sourceTree = BUILT_PRODUCTS_DIR;
		};
		FC07FD1C22F49F8D00CB1E2C /* libBVLinearGradient.a */ = {
			isa = PBXReferenceProxy;
			fileType = archive.ar;
			path = libBVLinearGradient.a;
			remoteRef = FC07FD1B22F49F8D00CB1E2C /* PBXContainerItemProxy */;
			sourceTree = BUILT_PRODUCTS_DIR;
		};
		FC5BAE0F22ECC4750077855E /* libHSReactNativeMedia.a */ = {
			isa = PBXReferenceProxy;
			fileType = archive.ar;
			path = libHSReactNativeMedia.a;
			remoteRef = FC5BAE0E22ECC4750077855E /* PBXContainerItemProxy */;
			sourceTree = BUILT_PRODUCTS_DIR;
		};
		FC5BAE1522EE11DF0077855E /* libHSCameraUtils.a */ = {
			isa = PBXReferenceProxy;
			fileType = archive.ar;
			path = libHSCameraUtils.a;
			remoteRef = FC5BAE1422EE11DF0077855E /* PBXContainerItemProxy */;
			sourceTree = BUILT_PRODUCTS_DIR;
		};
		FC7452952303D1EF00436E62 /* libRNGestureHandler.a */ = {
			isa = PBXReferenceProxy;
			fileType = archive.ar;
			path = libRNGestureHandler.a;
			remoteRef = FC7452942303D1EF00436E62 /* PBXContainerItemProxy */;
			sourceTree = BUILT_PRODUCTS_DIR;
		};
		FC7452972303D1EF00436E62 /* libRNGestureHandler-tvOS.a */ = {
			isa = PBXReferenceProxy;
			fileType = archive.ar;
			path = "libRNGestureHandler-tvOS.a";
			remoteRef = FC7452962303D1EF00436E62 /* PBXContainerItemProxy */;
			sourceTree = BUILT_PRODUCTS_DIR;
		};
		FC7452EB2305DAF300436E62 /* libReactNativeHaptic.a */ = {
			isa = PBXReferenceProxy;
			fileType = archive.ar;
			path = libReactNativeHaptic.a;
			remoteRef = FC7452EA2305DAF300436E62 /* PBXContainerItemProxy */;
			sourceTree = BUILT_PRODUCTS_DIR;
		};
		FC75410122AAE8D400F10CE4 /* libReactNativeConfig.a */ = {
			isa = PBXReferenceProxy;
			fileType = archive.ar;
			path = libReactNativeConfig.a;
			remoteRef = FC75410022AAE8D400F10CE4 /* PBXContainerItemProxy */;
			sourceTree = BUILT_PRODUCTS_DIR;
		};
		FC75410322AAE8D400F10CE4 /* libReactNativeConfig-tvOS.a */ = {
			isa = PBXReferenceProxy;
			fileType = archive.ar;
			path = "libReactNativeConfig-tvOS.a";
			remoteRef = FC75410222AAE8D400F10CE4 /* PBXContainerItemProxy */;
			sourceTree = BUILT_PRODUCTS_DIR;
		};
		FC7AF72E23032EDA00506DE1 /* libRNSafeArea.a */ = {
			isa = PBXReferenceProxy;
			fileType = archive.ar;
			path = libRNSafeArea.a;
			remoteRef = FC7AF72D23032EDA00506DE1 /* PBXContainerItemProxy */;
			sourceTree = BUILT_PRODUCTS_DIR;
		};
		FC983DD521CDAF6800063476 /* libReactNativeNavigation.a */ = {
			isa = PBXReferenceProxy;
			fileType = archive.ar;
			path = libReactNativeNavigation.a;
			remoteRef = FC983DD421CDAF6800063476 /* PBXContainerItemProxy */;
			sourceTree = BUILT_PRODUCTS_DIR;
		};
		FC983DD721CDAF6800063476 /* ReactNativeNavigationTests.xctest */ = {
			isa = PBXReferenceProxy;
			fileType = wrapper.cfbundle;
			path = ReactNativeNavigationTests.xctest;
			remoteRef = FC983DD621CDAF6800063476 /* PBXContainerItemProxy */;
			sourceTree = BUILT_PRODUCTS_DIR;
		};
		FCC9E7E32324499E00441517 /* libRNSentry.a */ = {
			isa = PBXReferenceProxy;
			fileType = archive.ar;
			path = libRNSentry.a;
			remoteRef = FCC9E7E22324499E00441517 /* PBXContainerItemProxy */;
			sourceTree = BUILT_PRODUCTS_DIR;
		};
		FCC9E7E52324499E00441517 /* libRNSentry-tvOS.a */ = {
			isa = PBXReferenceProxy;
			fileType = archive.ar;
			path = "libRNSentry-tvOS.a";
			remoteRef = FCC9E7E42324499E00441517 /* PBXContainerItemProxy */;
			sourceTree = BUILT_PRODUCTS_DIR;
		};
		FCCA731E22F4B6FB00163C4E /* libHSReactNativeCamera.a */ = {
			isa = PBXReferenceProxy;
			fileType = archive.ar;
			path = libHSReactNativeCamera.a;
			remoteRef = FCCA731D22F4B6FB00163C4E /* PBXContainerItemProxy */;
			sourceTree = BUILT_PRODUCTS_DIR;
		};
		FCDFF00723147BD3006D7255 /* libSplashScreen.a */ = {
			isa = PBXReferenceProxy;
			fileType = archive.ar;
			path = libSplashScreen.a;
			remoteRef = FCDFF00623147BD3006D7255 /* PBXContainerItemProxy */;
			sourceTree = BUILT_PRODUCTS_DIR;
		};
		FCE4719322F3B09A004F4A4C /* libHSAnimatedUI.a */ = {
			isa = PBXReferenceProxy;
			fileType = archive.ar;
			path = libHSAnimatedUI.a;
			remoteRef = FCE4719222F3B09A004F4A4C /* PBXContainerItemProxy */;
			sourceTree = BUILT_PRODUCTS_DIR;
		};
		FCE471D822F3B431004F4A4C /* libRNBlur.a */ = {
			isa = PBXReferenceProxy;
			fileType = archive.ar;
			path = libRNBlur.a;
			remoteRef = FCE471D722F3B431004F4A4C /* PBXContainerItemProxy */;
			sourceTree = BUILT_PRODUCTS_DIR;
		};
		FCE471DA22F3B431004F4A4C /* libRNBlur.a */ = {
			isa = PBXReferenceProxy;
			fileType = archive.ar;
			path = libRNBlur.a;
			remoteRef = FCE471D922F3B431004F4A4C /* PBXContainerItemProxy */;
			sourceTree = BUILT_PRODUCTS_DIR;
		};
/* End PBXReferenceProxy section */

/* Begin PBXResourcesBuildPhase section */
		13B07F8E1A680F5B00A75B9A /* Resources */ = {
			isa = PBXResourcesBuildPhase;
			buildActionMask = 2147483647;
			files = (
				13B07FBF1A68108700A75B9A /* Images.xcassets in Resources */,
				FC74777B232D505000D3447C /* onboarding.mov in Resources */,
				FC6EA7D721CEA44D007C3B3E /* PT_Sans-Web-Bold.ttf in Resources */,
				FC7452F32305E49700436E62 /* Inter-Medium.ttf in Resources */,
				FC7452F82305E49700436E62 /* Inter-SemiBold.ttf in Resources */,
				FCE9B07E231897E1008A8407 /* High Street LogoType Black@3x.png in Resources */,
				FC7452F62305E49700436E62 /* Inter-Bold.ttf in Resources */,
				FC7452F52305E49700436E62 /* Inter-ExtraBold.ttf in Resources */,
				FC7452F72305E49700436E62 /* Inter-ExtraLight-BETA.ttf in Resources */,
				FCD64B2023333EF600E9112F /* GoogleService-Info.plist in Resources */,
				FCC9E8702324533E00441517 /* BOCA LogoType@3x.png in Resources */,
				FC7452F92305E49700436E62 /* Inter-Black.ttf in Resources */,
				FC6EA7D821CEA44D007C3B3E /* PT_Sans-Web-Regular.ttf in Resources */,
				FC6EA7D621CEA44D007C3B3E /* PassionOne-Regular.ttf in Resources */,
				13B07FBD1A68108700A75B9A /* LaunchScreen.xib in Resources */,
				FC7452F42305E49700436E62 /* Inter-Regular.ttf in Resources */,
			);
			runOnlyForDeploymentPostprocessing = 0;
		};
/* End PBXResourcesBuildPhase section */

/* Begin PBXShellScriptBuildPhase section */
		00DD1BFF1BD5951E006B06BC /* Bundle React Native code and images */ = {
			isa = PBXShellScriptBuildPhase;
			buildActionMask = 2147483647;
			files = (
			);
			inputPaths = (
			);
			name = "Bundle React Native code and images";
			outputPaths = (
			);
			runOnlyForDeploymentPostprocessing = 0;
			shellPath = /bin/sh;
			shellScript = "export SENTRY_PROPERTIES=sentry.properties\nexport NODE_BINARY=node\n../node_modules/@sentry/cli/bin/sentry-cli react-native xcode ../node_modules/react-native/scripts/react-native-xcode.sh\n";
		};
		D4F5C5EE76EB4BA28AA84176 /* Upload Debug Symbols to Sentry */ = {
			isa = PBXShellScriptBuildPhase;
			buildActionMask = 2147483647;
			files = (
			);
			inputPaths = (
			);
			name = "Upload Debug Symbols to Sentry";
			outputPaths = (
			);
			runOnlyForDeploymentPostprocessing = 0;
			shellPath = /bin/sh;
			shellScript = "export SENTRY_PROPERTIES=sentry.properties\n../node_modules/@sentry/cli/bin/sentry-cli upload-dsym";
		};
/* End PBXShellScriptBuildPhase section */

/* Begin PBXSourcesBuildPhase section */
		13B07F871A680F5B00A75B9A /* Sources */ = {
			isa = PBXSourcesBuildPhase;
			buildActionMask = 2147483647;
			files = (
				13B07FBC1A68108700A75B9A /* AppDelegate.m in Sources */,
				13B07FC11A68108700A75B9A /* main.m in Sources */,
				FC5BADCB22ECC3D10077855E /* Empty.swift in Sources */,
			);
			runOnlyForDeploymentPostprocessing = 0;
		};
/* End PBXSourcesBuildPhase section */

/* Begin PBXVariantGroup section */
		13B07FB11A68108700A75B9A /* LaunchScreen.xib */ = {
			isa = PBXVariantGroup;
			children = (
				13B07FB21A68108700A75B9A /* Base */,
			);
			name = LaunchScreen.xib;
			path = Bombast;
			sourceTree = "<group>";
		};
/* End PBXVariantGroup section */

/* Begin XCBuildConfiguration section */
		13B07F941A680F5B00A75B9A /* Debug */ = {
			isa = XCBuildConfiguration;
			buildSettings = {
				ASSETCATALOG_COMPILER_APPICON_NAME = AppIcon;
				CLANG_ENABLE_MODULES = YES;
				CURRENT_PROJECT_VERSION = 1.0.10;
				DEAD_CODE_STRIPPING = NO;
				DEVELOPMENT_TEAM = 6DUV3UU8M8;
				FRAMEWORK_SEARCH_PATHS = (
					"$(inherited)",
					"$(PROJECT_DIR)/Firebase/MLModelInterpreter",
					"$(PROJECT_DIR)/Firebase/MLNLLanguageID",
					"$(PROJECT_DIR)/Firebase/MLVisionBarcodeModel",
					"$(PROJECT_DIR)/Firebase/Database",
					"$(PROJECT_DIR)/Firebase/ABTesting",
					"$(PROJECT_DIR)/Firebase/DynamicLinks",
					"$(PROJECT_DIR)/Firebase/MLVisionAutoML",
					"$(PROJECT_DIR)/Firebase/MLVisionTextModel",
					"$(PROJECT_DIR)/Firebase/InAppMessagingDisplay",
					"$(PROJECT_DIR)/Firebase/Firestore",
					"$(PROJECT_DIR)/Firebase/Auth",
					"$(PROJECT_DIR)/Firebase/MLVisionFaceModel",
					"$(PROJECT_DIR)/Firebase/RemoteConfig",
					"$(PROJECT_DIR)/Firebase/AdMob",
					"$(PROJECT_DIR)/Firebase/Storage",
					"$(PROJECT_DIR)/Firebase/MLNaturalLanguage",
					"$(PROJECT_DIR)/Firebase/MLVisionLabelModel",
					"$(PROJECT_DIR)/Firebase/MLVision",
					"$(PROJECT_DIR)/Firebase/MLNLSmartReply",
					"$(PROJECT_DIR)/Firebase/Functions",
					"$(PROJECT_DIR)/Firebase/MLNLTranslate",
					"$(PROJECT_DIR)/Firebase/InAppMessaging",
					"$(PROJECT_DIR)/Firebase/Performance",
					"$(PROJECT_DIR)/Firebase/GoogleSignIn",
					"$(PROJECT_DIR)/Firebase/Messaging",
					"$(PROJECT_DIR)/Firebase/Analytics",
					"$(PROJECT_DIR)/Firebase/MLVisionObjectDetection",
				);
				HEADER_SEARCH_PATHS = (
					"$(inherited)",
					"$(SRCROOT)/../node_modules/react-native-navigation/lib/ios/**",
					"$(SRCROOT)/../node_modules/react-native-navigation/lib/ios/**",
					"$(SRCROOT)/../node_modules/react-native-config/ios/ReactNativeConfig",
					"$(SRCROOT)/../node_modules/@jonbrennecke/react-native-camera/ios/**",
					"$(SRCROOT)/../node_modules/@jonbrennecke/react-native-media/ios/**",
					"$(SRCROOT)/../node_modules/@jonbrennecke/react-native-animated-ui/ios",
					"$(SRCROOT)/../node_modules/react-native-blur/ios",
					"$(SRCROOT)/../node_modules/react-native-svg/ios/**",
					"$(SRCROOT)/../node_modules/react-native-linear-gradient/BVLinearGradient",
					"$(SRCROOT)/../node_modules/@jonbrennecke/react-native-camera/ios/**",
					"$(SRCROOT)/../node_modules/react-native-safe-area/ios/RNSafeArea",
					"$(SRCROOT)/../node_modules/react-native-gesture-handler/ios/**",
					"$(SRCROOT)/../node_modules/react-native-haptic/ios/**",
					"$(SRCROOT)/../node_modules/react-native-splash-screen/ios",
					"$(SRCROOT)/../node_modules/react-native-sentry/ios/**",
				);
				INFOPLIST_FILE = Bombast/Info.plist;
				IPHONEOS_DEPLOYMENT_TARGET = 12.2;
				LD_RUNPATH_SEARCH_PATHS = "$(inherited) @executable_path/Frameworks";
				LIBRARY_SEARCH_PATHS = (
					"$(inherited)",
					"\"$(SRCROOT)/Bombast\"",
					"\"$(SRCROOT)/Bombast\"",
					"\"$(SRCROOT)/Bombast\"",
					"\"$(SRCROOT)/Bombast\"",
					"\"$(SRCROOT)/Bombast\"",
					"\"$(SRCROOT)/Bombast\"",
					"\"$(SRCROOT)/Bombast\"",
					"\"$(SRCROOT)/Bombast\"",
					"\"$(SRCROOT)/Boca\"",
					"\"$(SRCROOT)/Boca\"",
				);
				OTHER_LDFLAGS = (
					"$(inherited)",
					"-ObjC",
					"-lc++",
				);
				PRODUCT_BUNDLE_IDENTIFIER = com.jonbrennecke.boca;
				PRODUCT_NAME = Boca;
				SWIFT_OBJC_BRIDGING_HEADER = "Bombast-Bridging-Header.h";
				SWIFT_OPTIMIZATION_LEVEL = "-Onone";
				SWIFT_VERSION = 5.0;
				VERSIONING_SYSTEM = "apple-generic";
			};
			name = Debug;
		};
		13B07F951A680F5B00A75B9A /* Release */ = {
			isa = XCBuildConfiguration;
			buildSettings = {
				ASSETCATALOG_COMPILER_APPICON_NAME = AppIcon;
				CLANG_ENABLE_MODULES = YES;
				CURRENT_PROJECT_VERSION = 1.0.10;
				DEVELOPMENT_TEAM = 6DUV3UU8M8;
				FRAMEWORK_SEARCH_PATHS = (
					"$(inherited)",
					"$(PROJECT_DIR)/Firebase/MLModelInterpreter",
					"$(PROJECT_DIR)/Firebase/MLNLLanguageID",
					"$(PROJECT_DIR)/Firebase/MLVisionBarcodeModel",
					"$(PROJECT_DIR)/Firebase/Database",
					"$(PROJECT_DIR)/Firebase/ABTesting",
					"$(PROJECT_DIR)/Firebase/DynamicLinks",
					"$(PROJECT_DIR)/Firebase/MLVisionAutoML",
					"$(PROJECT_DIR)/Firebase/MLVisionTextModel",
					"$(PROJECT_DIR)/Firebase/InAppMessagingDisplay",
					"$(PROJECT_DIR)/Firebase/Firestore",
					"$(PROJECT_DIR)/Firebase/Auth",
					"$(PROJECT_DIR)/Firebase/MLVisionFaceModel",
					"$(PROJECT_DIR)/Firebase/RemoteConfig",
					"$(PROJECT_DIR)/Firebase/AdMob",
					"$(PROJECT_DIR)/Firebase/Storage",
					"$(PROJECT_DIR)/Firebase/MLNaturalLanguage",
					"$(PROJECT_DIR)/Firebase/MLVisionLabelModel",
					"$(PROJECT_DIR)/Firebase/MLVision",
					"$(PROJECT_DIR)/Firebase/MLNLSmartReply",
					"$(PROJECT_DIR)/Firebase/Functions",
					"$(PROJECT_DIR)/Firebase/MLNLTranslate",
					"$(PROJECT_DIR)/Firebase/InAppMessaging",
					"$(PROJECT_DIR)/Firebase/Performance",
					"$(PROJECT_DIR)/Firebase/GoogleSignIn",
					"$(PROJECT_DIR)/Firebase/Messaging",
					"$(PROJECT_DIR)/Firebase/Analytics",
					"$(PROJECT_DIR)/Firebase/MLVisionObjectDetection",
				);
				HEADER_SEARCH_PATHS = (
					"$(inherited)",
					"$(SRCROOT)/../node_modules/react-native-navigation/lib/ios/**",
					"$(SRCROOT)/../node_modules/react-native-navigation/lib/ios/**",
					"$(SRCROOT)/../node_modules/react-native-config/ios/ReactNativeConfig",
					"$(SRCROOT)/../node_modules/@jonbrennecke/react-native-camera/ios/**",
					"$(SRCROOT)/../node_modules/@jonbrennecke/react-native-media/ios/**",
					"$(SRCROOT)/../node_modules/@jonbrennecke/react-native-animated-ui/ios",
					"$(SRCROOT)/../node_modules/react-native-blur/ios",
					"$(SRCROOT)/../node_modules/react-native-svg/ios/**",
					"$(SRCROOT)/../node_modules/react-native-linear-gradient/BVLinearGradient",
					"$(SRCROOT)/../node_modules/@jonbrennecke/react-native-camera/ios/**",
					"$(SRCROOT)/../node_modules/react-native-safe-area/ios/RNSafeArea",
					"$(SRCROOT)/../node_modules/react-native-gesture-handler/ios/**",
					"$(SRCROOT)/../node_modules/react-native-haptic/ios/**",
					"$(SRCROOT)/../node_modules/react-native-splash-screen/ios",
					"$(SRCROOT)/../node_modules/react-native-sentry/ios/**",
				);
				INFOPLIST_FILE = Bombast/Info.plist;
				IPHONEOS_DEPLOYMENT_TARGET = 12.2;
				LD_RUNPATH_SEARCH_PATHS = "$(inherited) @executable_path/Frameworks";
				LIBRARY_SEARCH_PATHS = (
					"$(inherited)",
					"\"$(SRCROOT)/Bombast\"",
					"\"$(SRCROOT)/Bombast\"",
					"\"$(SRCROOT)/Bombast\"",
					"\"$(SRCROOT)/Bombast\"",
					"\"$(SRCROOT)/Bombast\"",
					"\"$(SRCROOT)/Bombast\"",
					"\"$(SRCROOT)/Bombast\"",
					"\"$(SRCROOT)/Bombast\"",
					"\"$(SRCROOT)/Boca\"",
					"\"$(SRCROOT)/Boca\"",
				);
				OTHER_LDFLAGS = (
					"$(inherited)",
					"-ObjC",
					"-lc++",
				);
				PRODUCT_BUNDLE_IDENTIFIER = com.jonbrennecke.boca;
				PRODUCT_NAME = Boca;
				SWIFT_OBJC_BRIDGING_HEADER = "Bombast-Bridging-Header.h";
				SWIFT_VERSION = 5.0;
				VERSIONING_SYSTEM = "apple-generic";
			};
			name = Release;
		};
		83CBBA201A601CBA00E9B192 /* Debug */ = {
			isa = XCBuildConfiguration;
			buildSettings = {
				ALWAYS_SEARCH_USER_PATHS = NO;
				CLANG_CXX_LANGUAGE_STANDARD = "gnu++0x";
				CLANG_CXX_LIBRARY = "libc++";
				CLANG_ENABLE_MODULES = YES;
				CLANG_ENABLE_OBJC_ARC = YES;
				CLANG_WARN_BLOCK_CAPTURE_AUTORELEASING = YES;
				CLANG_WARN_BOOL_CONVERSION = YES;
				CLANG_WARN_COMMA = YES;
				CLANG_WARN_CONSTANT_CONVERSION = YES;
				CLANG_WARN_DEPRECATED_OBJC_IMPLEMENTATIONS = YES;
				CLANG_WARN_DIRECT_OBJC_ISA_USAGE = YES_ERROR;
				CLANG_WARN_EMPTY_BODY = YES;
				CLANG_WARN_ENUM_CONVERSION = YES;
				CLANG_WARN_INFINITE_RECURSION = YES;
				CLANG_WARN_INT_CONVERSION = YES;
				CLANG_WARN_NON_LITERAL_NULL_CONVERSION = YES;
				CLANG_WARN_OBJC_IMPLICIT_RETAIN_SELF = YES;
				CLANG_WARN_OBJC_LITERAL_CONVERSION = YES;
				CLANG_WARN_OBJC_ROOT_CLASS = YES_ERROR;
				CLANG_WARN_RANGE_LOOP_ANALYSIS = YES;
				CLANG_WARN_STRICT_PROTOTYPES = YES;
				CLANG_WARN_SUSPICIOUS_MOVE = YES;
				CLANG_WARN_UNREACHABLE_CODE = YES;
				CLANG_WARN__DUPLICATE_METHOD_MATCH = YES;
				"CODE_SIGN_IDENTITY[sdk=iphoneos*]" = "iPhone Developer";
				COPY_PHASE_STRIP = NO;
				ENABLE_STRICT_OBJC_MSGSEND = YES;
				ENABLE_TESTABILITY = YES;
				GCC_C_LANGUAGE_STANDARD = gnu99;
				GCC_DYNAMIC_NO_PIC = NO;
				GCC_NO_COMMON_BLOCKS = YES;
				GCC_OPTIMIZATION_LEVEL = 0;
				GCC_PREPROCESSOR_DEFINITIONS = (
					"DEBUG=1",
					"$(inherited)",
				);
				GCC_SYMBOLS_PRIVATE_EXTERN = NO;
				GCC_WARN_64_TO_32_BIT_CONVERSION = YES;
				GCC_WARN_ABOUT_RETURN_TYPE = YES_ERROR;
				GCC_WARN_UNDECLARED_SELECTOR = YES;
				GCC_WARN_UNINITIALIZED_AUTOS = YES_AGGRESSIVE;
				GCC_WARN_UNUSED_FUNCTION = YES;
				GCC_WARN_UNUSED_VARIABLE = YES;
				IPHONEOS_DEPLOYMENT_TARGET = 12.2;
				MTL_ENABLE_DEBUG_INFO = YES;
				ONLY_ACTIVE_ARCH = YES;
				SDKROOT = iphoneos;
			};
			name = Debug;
		};
		83CBBA211A601CBA00E9B192 /* Release */ = {
			isa = XCBuildConfiguration;
			buildSettings = {
				ALWAYS_SEARCH_USER_PATHS = NO;
				CLANG_CXX_LANGUAGE_STANDARD = "gnu++0x";
				CLANG_CXX_LIBRARY = "libc++";
				CLANG_ENABLE_MODULES = YES;
				CLANG_ENABLE_OBJC_ARC = YES;
				CLANG_WARN_BLOCK_CAPTURE_AUTORELEASING = YES;
				CLANG_WARN_BOOL_CONVERSION = YES;
				CLANG_WARN_COMMA = YES;
				CLANG_WARN_CONSTANT_CONVERSION = YES;
				CLANG_WARN_DEPRECATED_OBJC_IMPLEMENTATIONS = YES;
				CLANG_WARN_DIRECT_OBJC_ISA_USAGE = YES_ERROR;
				CLANG_WARN_EMPTY_BODY = YES;
				CLANG_WARN_ENUM_CONVERSION = YES;
				CLANG_WARN_INFINITE_RECURSION = YES;
				CLANG_WARN_INT_CONVERSION = YES;
				CLANG_WARN_NON_LITERAL_NULL_CONVERSION = YES;
				CLANG_WARN_OBJC_IMPLICIT_RETAIN_SELF = YES;
				CLANG_WARN_OBJC_LITERAL_CONVERSION = YES;
				CLANG_WARN_OBJC_ROOT_CLASS = YES_ERROR;
				CLANG_WARN_RANGE_LOOP_ANALYSIS = YES;
				CLANG_WARN_STRICT_PROTOTYPES = YES;
				CLANG_WARN_SUSPICIOUS_MOVE = YES;
				CLANG_WARN_UNREACHABLE_CODE = YES;
				CLANG_WARN__DUPLICATE_METHOD_MATCH = YES;
				"CODE_SIGN_IDENTITY[sdk=iphoneos*]" = "iPhone Developer";
				COPY_PHASE_STRIP = YES;
				ENABLE_NS_ASSERTIONS = NO;
				ENABLE_STRICT_OBJC_MSGSEND = YES;
				GCC_C_LANGUAGE_STANDARD = gnu99;
				GCC_NO_COMMON_BLOCKS = YES;
				GCC_WARN_64_TO_32_BIT_CONVERSION = YES;
				GCC_WARN_ABOUT_RETURN_TYPE = YES_ERROR;
				GCC_WARN_UNDECLARED_SELECTOR = YES;
				GCC_WARN_UNINITIALIZED_AUTOS = YES_AGGRESSIVE;
				GCC_WARN_UNUSED_FUNCTION = YES;
				GCC_WARN_UNUSED_VARIABLE = YES;
				IPHONEOS_DEPLOYMENT_TARGET = 12.2;
				MTL_ENABLE_DEBUG_INFO = NO;
				SDKROOT = iphoneos;
				VALIDATE_PRODUCT = YES;
			};
			name = Release;
		};
/* End XCBuildConfiguration section */

/* Begin XCConfigurationList section */
		13B07F931A680F5B00A75B9A /* Build configuration list for PBXNativeTarget "Boca" */ = {
			isa = XCConfigurationList;
			buildConfigurations = (
				13B07F941A680F5B00A75B9A /* Debug */,
				13B07F951A680F5B00A75B9A /* Release */,
			);
			defaultConfigurationIsVisible = 0;
			defaultConfigurationName = Release;
		};
		83CBB9FA1A601CBA00E9B192 /* Build configuration list for PBXProject "Boca" */ = {
			isa = XCConfigurationList;
			buildConfigurations = (
				83CBBA201A601CBA00E9B192 /* Debug */,
				83CBBA211A601CBA00E9B192 /* Release */,
			);
			defaultConfigurationIsVisible = 0;
			defaultConfigurationName = Release;
		};
/* End XCConfigurationList section */
	};
	rootObject = 83CBB9F71A601CBA00E9B192 /* Project object */;
}
